// !$*UTF8*$!
{
	archiveVersion = 1;
	classes = {
	};
	objectVersion = 77;
	objects = {

/* Begin PBXBuildFile section */
		05629FCD80CA9F4DF7929882 /* PreferencesStoreTests.swift in Sources */ = {isa = PBXBuildFile; fileRef = 5D9ECACD95DC54AEADA2E3F9 /* PreferencesStoreTests.swift */; };
		1AC453D9BB47AB74F9322A96 /* PlaybackState.swift in Sources */ = {isa = PBXBuildFile; fileRef = 83F3480AF515DC221A582B81 /* PlaybackState.swift */; };
		2BEC197CC38C6ABA8166A72E /* ShadowingAppApp.swift in Sources */ = {isa = PBXBuildFile; fileRef = 013F569B6AEB8D4748F451B2 /* ShadowingAppApp.swift */; };
		3865ACEA44A0EC9AD2FF3064 /* FolderBookmark.swift in Sources */ = {isa = PBXBuildFile; fileRef = E7ED21FECAE78163A0F09682 /* FolderBookmark.swift */; };
		3BC3F7B459D4B85329DFB936 /* ShadowingAppTests.swift in Sources */ = {isa = PBXBuildFile; fileRef = FE2D12580DFA520D5E82BF3D /* ShadowingAppTests.swift */; };
		42D04352FE4266D34B465B27 /* LibraryServiceTests.swift in Sources */ = {isa = PBXBuildFile; fileRef = 37918FF1D1721975C40385BD /* LibraryServiceTests.swift */; };
		45DE2761EE2F42102F564262 /* PlayerEngine.swift in Sources */ = {isa = PBXBuildFile; fileRef = 36D7E7AA5FF64F8F0D905E34 /* PlayerEngine.swift */; };
		46F66C9A10907ECFDD7DE88A /* AudioSessionCoordinator.swift in Sources */ = {isa = PBXBuildFile; fileRef = EC612E7D9FE039A0D838DC9C /* AudioSessionCoordinator.swift */; };
		6E5D703082E9606F4EB300C6 /* BookmarkStoreTests.swift in Sources */ = {isa = PBXBuildFile; fileRef = 1D780AA52B69F6CE5E574150 /* BookmarkStoreTests.swift */; };
		77DD8618EE43B9492271FA03 /* Playlist.swift in Sources */ = {isa = PBXBuildFile; fileRef = 68C9A976CAD480D58B1F6989 /* Playlist.swift */; };
		7C63142AE4DEE17B398A1169 /* BookmarkStore.swift in Sources */ = {isa = PBXBuildFile; fileRef = DE91025AF02EDBDCC6C71A74 /* BookmarkStore.swift */; };
		8B2B82D6ACB167EAD4EF4447 /* PlaylistEntry.swift in Sources */ = {isa = PBXBuildFile; fileRef = E7D734FBEA839AA47147BFE6 /* PlaylistEntry.swift */; };
		92D0C7955C06FE475F982464 /* LoopMode.swift in Sources */ = {isa = PBXBuildFile; fileRef = 58D51F486911CCE5BB8E562C /* LoopMode.swift */; };
		9CC33FEA7E8AE1A530D8A339 /* PreferencesStore.swift in Sources */ = {isa = PBXBuildFile; fileRef = F9D5869D82869E4D8B25DFB5 /* PreferencesStore.swift */; };
		B8BFE38287D7C531A7F32E60 /* ContentView.swift in Sources */ = {isa = PBXBuildFile; fileRef = 4881761D573029AC81920E18 /* ContentView.swift */; };
		C44C2FE11D14C3003148EFFD /* AVPlayerEngine.swift in Sources */ = {isa = PBXBuildFile; fileRef = 53160099814CBCF9EB672F3F /* AVPlayerEngine.swift */; };
		D238E546F64BF42F9D8E2A65 /* Track.swift in Sources */ = {isa = PBXBuildFile; fileRef = ACE8479BAEAB28CB2736F7CF /* Track.swift */; };
		D88B89B87DCC02624D6F5F58 /* TrackTests.swift in Sources */ = {isa = PBXBuildFile; fileRef = AA417C390BED0F79E4C6A25D /* TrackTests.swift */; };
		DAC1CDE9D9203CF903A23D28 /* LibraryService.swift in Sources */ = {isa = PBXBuildFile; fileRef = F856562249660E048B874511 /* LibraryService.swift */; };
/* End PBXBuildFile section */

/* Begin PBXContainerItemProxy section */
		C7C4ABF1B0867ED4E0B5D7D9 /* PBXContainerItemProxy */ = {
			isa = PBXContainerItemProxy;
			containerPortal = A20C60FF98B918FB06F127C6 /* Project object */;
			proxyType = 1;
			remoteGlobalIDString = 491A2F8348FE8DB7DDE189DC;
			remoteInfo = ShadowingApp;
		};
/* End PBXContainerItemProxy section */

/* Begin PBXFileReference section */
		013F569B6AEB8D4748F451B2 /* ShadowingAppApp.swift */ = {isa = PBXFileReference; lastKnownFileType = sourcecode.swift; path = ShadowingAppApp.swift; sourceTree = "<group>"; };
		03C37934D1A7E1E68003FB38 /* .gitkeep */ = {isa = PBXFileReference; path = .gitkeep; sourceTree = "<group>"; };
		0702EB5784B795D2FFAE3612 /* .gitkeep */ = {isa = PBXFileReference; path = .gitkeep; sourceTree = "<group>"; };
		13A7001E9309792DF86B2B7D /* .gitkeep */ = {isa = PBXFileReference; path = .gitkeep; sourceTree = "<group>"; };
		1D780AA52B69F6CE5E574150 /* BookmarkStoreTests.swift */ = {isa = PBXFileReference; lastKnownFileType = sourcecode.swift; path = BookmarkStoreTests.swift; sourceTree = "<group>"; };
		238F994839829652238D3AF0 /* Info.plist */ = {isa = PBXFileReference; lastKnownFileType = text.plist; path = Info.plist; sourceTree = "<group>"; };
		36D7E7AA5FF64F8F0D905E34 /* PlayerEngine.swift */ = {isa = PBXFileReference; lastKnownFileType = sourcecode.swift; path = PlayerEngine.swift; sourceTree = "<group>"; };
		37918FF1D1721975C40385BD /* LibraryServiceTests.swift */ = {isa = PBXFileReference; lastKnownFileType = sourcecode.swift; path = LibraryServiceTests.swift; sourceTree = "<group>"; };
		3A20790FBEFB1D3301080955 /* ShadowingApp.app */ = {isa = PBXFileReference; includeInIndex = 0; lastKnownFileType = wrapper.application; path = ShadowingApp.app; sourceTree = BUILT_PRODUCTS_DIR; };
		3C11BB0E55305C2B41BE9DAA /* .gitkeep */ = {isa = PBXFileReference; path = .gitkeep; sourceTree = "<group>"; };
		4881761D573029AC81920E18 /* ContentView.swift */ = {isa = PBXFileReference; lastKnownFileType = sourcecode.swift; path = ContentView.swift; sourceTree = "<group>"; };
		53160099814CBCF9EB672F3F /* AVPlayerEngine.swift */ = {isa = PBXFileReference; lastKnownFileType = sourcecode.swift; path = AVPlayerEngine.swift; sourceTree = "<group>"; };
		58D51F486911CCE5BB8E562C /* LoopMode.swift */ = {isa = PBXFileReference; lastKnownFileType = sourcecode.swift; path = LoopMode.swift; sourceTree = "<group>"; };
		5D9ECACD95DC54AEADA2E3F9 /* PreferencesStoreTests.swift */ = {isa = PBXFileReference; lastKnownFileType = sourcecode.swift; path = PreferencesStoreTests.swift; sourceTree = "<group>"; };
		68C9A976CAD480D58B1F6989 /* Playlist.swift */ = {isa = PBXFileReference; lastKnownFileType = sourcecode.swift; path = Playlist.swift; sourceTree = "<group>"; };
		70BDA7A13418672E88477EF7 /* .gitkeep */ = {isa = PBXFileReference; path = .gitkeep; sourceTree = "<group>"; };
		7D53CCD5E610B27B1BBEFD88 /* ShadowingAppTests.xctest */ = {isa = PBXFileReference; includeInIndex = 0; lastKnownFileType = wrapper.cfbundle; path = ShadowingAppTests.xctest; sourceTree = BUILT_PRODUCTS_DIR; };
		83F3480AF515DC221A582B81 /* PlaybackState.swift */ = {isa = PBXFileReference; lastKnownFileType = sourcecode.swift; path = PlaybackState.swift; sourceTree = "<group>"; };
		AA417C390BED0F79E4C6A25D /* TrackTests.swift */ = {isa = PBXFileReference; lastKnownFileType = sourcecode.swift; path = TrackTests.swift; sourceTree = "<group>"; };
		ACE8479BAEAB28CB2736F7CF /* Track.swift */ = {isa = PBXFileReference; lastKnownFileType = sourcecode.swift; path = Track.swift; sourceTree = "<group>"; };
		BA6B37778E81944A3E994865 /* .gitkeep */ = {isa = PBXFileReference; path = .gitkeep; sourceTree = "<group>"; };
		D65016A9ADD86037B61AF3EF /* .gitkeep */ = {isa = PBXFileReference; path = .gitkeep; sourceTree = "<group>"; };
		DE91025AF02EDBDCC6C71A74 /* BookmarkStore.swift */ = {isa = PBXFileReference; lastKnownFileType = sourcecode.swift; path = BookmarkStore.swift; sourceTree = "<group>"; };
		E385B73864146DF6E34D59BB /* .gitkeep */ = {isa = PBXFileReference; path = .gitkeep; sourceTree = "<group>"; };
		E7D734FBEA839AA47147BFE6 /* PlaylistEntry.swift */ = {isa = PBXFileReference; lastKnownFileType = sourcecode.swift; path = PlaylistEntry.swift; sourceTree = "<group>"; };
		E7ED21FECAE78163A0F09682 /* FolderBookmark.swift */ = {isa = PBXFileReference; lastKnownFileType = sourcecode.swift; path = FolderBookmark.swift; sourceTree = "<group>"; };
		EC612E7D9FE039A0D838DC9C /* AudioSessionCoordinator.swift */ = {isa = PBXFileReference; lastKnownFileType = sourcecode.swift; path = AudioSessionCoordinator.swift; sourceTree = "<group>"; };
		F856562249660E048B874511 /* LibraryService.swift */ = {isa = PBXFileReference; lastKnownFileType = sourcecode.swift; path = LibraryService.swift; sourceTree = "<group>"; };
		F9D5869D82869E4D8B25DFB5 /* PreferencesStore.swift */ = {isa = PBXFileReference; lastKnownFileType = sourcecode.swift; path = PreferencesStore.swift; sourceTree = "<group>"; };
		FE2D12580DFA520D5E82BF3D /* ShadowingAppTests.swift */ = {isa = PBXFileReference; lastKnownFileType = sourcecode.swift; path = ShadowingAppTests.swift; sourceTree = "<group>"; };
/* End PBXFileReference section */

/* Begin PBXGroup section */
		186DA85F1BB9598F9DC1EB6D /* State */ = {
			isa = PBXGroup;
			children = (
				13A7001E9309792DF86B2B7D /* .gitkeep */,
				58D51F486911CCE5BB8E562C /* LoopMode.swift */,
			);
			path = State;
			sourceTree = "<group>";
		};
		18ECA3A706CFF7DC180D6E7C /* Views */ = {
			isa = PBXGroup;
			children = (
				4D76D8933032618163F09CAC /* Library */,
				3587E63260E08D07E53DFE5E /* NowPlaying */,
				FEC6C7CEBD664830ED44C3C9 /* Playlists */,
				D6D1256BE9A11769E9D73A5F /* Settings */,
			);
			path = Views;
			sourceTree = "<group>";
		};
		2DB6AEF0718AE602E295F0F2 = {
			isa = PBXGroup;
			children = (
				A81B34FAD228A7BDF7C7A02F /* ShadowingApp */,
				73B2BD7AC229C0C6FA6C029B /* ShadowingAppTests */,
				514EDE355BF8DF0F48F63AF5 /* Products */,
			);
			sourceTree = "<group>";
		};
		3587E63260E08D07E53DFE5E /* NowPlaying */ = {
			isa = PBXGroup;
			children = (
				D65016A9ADD86037B61AF3EF /* .gitkeep */,
			);
			path = NowPlaying;
			sourceTree = "<group>";
		};
		4D76D8933032618163F09CAC /* Library */ = {
			isa = PBXGroup;
			children = (
				3C11BB0E55305C2B41BE9DAA /* .gitkeep */,
			);
			path = Library;
			sourceTree = "<group>";
		};
		504C8D9DB79526F4842C7BC9 /* Models */ = {
			isa = PBXGroup;
			children = (
				03C37934D1A7E1E68003FB38 /* .gitkeep */,
				E7ED21FECAE78163A0F09682 /* FolderBookmark.swift */,
				83F3480AF515DC221A582B81 /* PlaybackState.swift */,
				68C9A976CAD480D58B1F6989 /* Playlist.swift */,
				E7D734FBEA839AA47147BFE6 /* PlaylistEntry.swift */,
				ACE8479BAEAB28CB2736F7CF /* Track.swift */,
			);
			path = Models;
			sourceTree = "<group>";
		};
		514EDE355BF8DF0F48F63AF5 /* Products */ = {
			isa = PBXGroup;
			children = (
				3A20790FBEFB1D3301080955 /* ShadowingApp.app */,
				7D53CCD5E610B27B1BBEFD88 /* ShadowingAppTests.xctest */,
			);
			name = Products;
			sourceTree = "<group>";
		};
		73B2BD7AC229C0C6FA6C029B /* ShadowingAppTests */ = {
			isa = PBXGroup;
			children = (
				1D780AA52B69F6CE5E574150 /* BookmarkStoreTests.swift */,
				37918FF1D1721975C40385BD /* LibraryServiceTests.swift */,
				5D9ECACD95DC54AEADA2E3F9 /* PreferencesStoreTests.swift */,
				FE2D12580DFA520D5E82BF3D /* ShadowingAppTests.swift */,
				AA417C390BED0F79E4C6A25D /* TrackTests.swift */,
			);
			path = ShadowingAppTests;
			sourceTree = "<group>";
		};
		A81B34FAD228A7BDF7C7A02F /* ShadowingApp */ = {
			isa = PBXGroup;
			children = (
				4881761D573029AC81920E18 /* ContentView.swift */,
				238F994839829652238D3AF0 /* Info.plist */,
				013F569B6AEB8D4748F451B2 /* ShadowingAppApp.swift */,
				D0E8A72AFB662CA37539990F /* Audio */,
				504C8D9DB79526F4842C7BC9 /* Models */,
				CEF2EA1D8664B147B73452AB /* Services */,
				186DA85F1BB9598F9DC1EB6D /* State */,
				18ECA3A706CFF7DC180D6E7C /* Views */,
			);
			path = ShadowingApp;
			sourceTree = "<group>";
		};
		CEF2EA1D8664B147B73452AB /* Services */ = {
			isa = PBXGroup;
			children = (
				0702EB5784B795D2FFAE3612 /* .gitkeep */,
				DE91025AF02EDBDCC6C71A74 /* BookmarkStore.swift */,
				F856562249660E048B874511 /* LibraryService.swift */,
				F9D5869D82869E4D8B25DFB5 /* PreferencesStore.swift */,
			);
			path = Services;
			sourceTree = "<group>";
		};
		D0E8A72AFB662CA37539990F /* Audio */ = {
			isa = PBXGroup;
			children = (
				E385B73864146DF6E34D59BB /* .gitkeep */,
				EC612E7D9FE039A0D838DC9C /* AudioSessionCoordinator.swift */,
				53160099814CBCF9EB672F3F /* AVPlayerEngine.swift */,
				36D7E7AA5FF64F8F0D905E34 /* PlayerEngine.swift */,
			);
			path = Audio;
			sourceTree = "<group>";
		};
		D6D1256BE9A11769E9D73A5F /* Settings */ = {
			isa = PBXGroup;
			children = (
				BA6B37778E81944A3E994865 /* .gitkeep */,
			);
			path = Settings;
			sourceTree = "<group>";
		};
		FEC6C7CEBD664830ED44C3C9 /* Playlists */ = {
			isa = PBXGroup;
			children = (
				70BDA7A13418672E88477EF7 /* .gitkeep */,
			);
			path = Playlists;
			sourceTree = "<group>";
		};
/* End PBXGroup section */

/* Begin PBXNativeTarget section */
		491A2F8348FE8DB7DDE189DC /* ShadowingApp */ = {
			isa = PBXNativeTarget;
			buildConfigurationList = 8EFCD3F6FC69D500EE5CE429 /* Build configuration list for PBXNativeTarget "ShadowingApp" */;
			buildPhases = (
				C2E5C209ECB03F77E4F21347 /* Sources */,
			);
			buildRules = (
			);
			dependencies = (
			);
			name = ShadowingApp;
			packageProductDependencies = (
			);
			productName = ShadowingApp;
			productReference = 3A20790FBEFB1D3301080955 /* ShadowingApp.app */;
			productType = "com.apple.product-type.application";
		};
		961D75649FA5D549D28BDF02 /* ShadowingAppTests */ = {
			isa = PBXNativeTarget;
			buildConfigurationList = DBF7D6ADA308B67E11CCEEB7 /* Build configuration list for PBXNativeTarget "ShadowingAppTests" */;
			buildPhases = (
				7034ADB7B3C7FF90D7FA9F53 /* Sources */,
			);
			buildRules = (
			);
			dependencies = (
				3F8ABFCE4A12D5D12CBDD1E4 /* PBXTargetDependency */,
			);
			name = ShadowingAppTests;
			packageProductDependencies = (
			);
			productName = ShadowingAppTests;
			productReference = 7D53CCD5E610B27B1BBEFD88 /* ShadowingAppTests.xctest */;
			productType = "com.apple.product-type.bundle.unit-test";
		};
/* End PBXNativeTarget section */

/* Begin PBXProject section */
		A20C60FF98B918FB06F127C6 /* Project object */ = {
			isa = PBXProject;
			attributes = {
				BuildIndependentTargetsInParallel = YES;
				LastUpgradeCheck = 1430;
				TargetAttributes = {
					491A2F8348FE8DB7DDE189DC = {
						ProvisioningStyle = Automatic;
					};
				};
			};
			buildConfigurationList = E486B8FE1194748951D29955 /* Build configuration list for PBXProject "ShadowingApp" */;
			developmentRegion = en;
			hasScannedForEncodings = 0;
			knownRegions = (
				Base,
				en,
			);
			mainGroup = 2DB6AEF0718AE602E295F0F2;
			minimizedProjectReferenceProxies = 1;
			preferredProjectObjectVersion = 77;
			productRefGroup = 514EDE355BF8DF0F48F63AF5 /* Products */;
			projectDirPath = "";
			projectRoot = "";
			targets = (
				491A2F8348FE8DB7DDE189DC /* ShadowingApp */,
				961D75649FA5D549D28BDF02 /* ShadowingAppTests */,
			);
		};
/* End PBXProject section */

/* Begin PBXSourcesBuildPhase section */
		7034ADB7B3C7FF90D7FA9F53 /* Sources */ = {
			isa = PBXSourcesBuildPhase;
			buildActionMask = 2147483647;
			files = (
				6E5D703082E9606F4EB300C6 /* BookmarkStoreTests.swift in Sources */,
				42D04352FE4266D34B465B27 /* LibraryServiceTests.swift in Sources */,
				05629FCD80CA9F4DF7929882 /* PreferencesStoreTests.swift in Sources */,
				3BC3F7B459D4B85329DFB936 /* ShadowingAppTests.swift in Sources */,
				D88B89B87DCC02624D6F5F58 /* TrackTests.swift in Sources */,
			);
			runOnlyForDeploymentPostprocessing = 0;
		};
		C2E5C209ECB03F77E4F21347 /* Sources */ = {
			isa = PBXSourcesBuildPhase;
			buildActionMask = 2147483647;
			files = (
				C44C2FE11D14C3003148EFFD /* AVPlayerEngine.swift in Sources */,
				46F66C9A10907ECFDD7DE88A /* AudioSessionCoordinator.swift in Sources */,
				7C63142AE4DEE17B398A1169 /* BookmarkStore.swift in Sources */,
				B8BFE38287D7C531A7F32E60 /* ContentView.swift in Sources */,
				3865ACEA44A0EC9AD2FF3064 /* FolderBookmark.swift in Sources */,
				DAC1CDE9D9203CF903A23D28 /* LibraryService.swift in Sources */,
				92D0C7955C06FE475F982464 /* LoopMode.swift in Sources */,
				1AC453D9BB47AB74F9322A96 /* PlaybackState.swift in Sources */,
				45DE2761EE2F42102F564262 /* PlayerEngine.swift in Sources */,
				77DD8618EE43B9492271FA03 /* Playlist.swift in Sources */,
				8B2B82D6ACB167EAD4EF4447 /* PlaylistEntry.swift in Sources */,
				9CC33FEA7E8AE1A530D8A339 /* PreferencesStore.swift in Sources */,
				2BEC197CC38C6ABA8166A72E /* ShadowingAppApp.swift in Sources */,
				D238E546F64BF42F9D8E2A65 /* Track.swift in Sources */,
			);
			runOnlyForDeploymentPostprocessing = 0;
		};
/* End PBXSourcesBuildPhase section */

/* Begin PBXTargetDependency section */
		3F8ABFCE4A12D5D12CBDD1E4 /* PBXTargetDependency */ = {
			isa = PBXTargetDependency;
			target = 491A2F8348FE8DB7DDE189DC /* ShadowingApp */;
			targetProxy = C7C4ABF1B0867ED4E0B5D7D9 /* PBXContainerItemProxy */;
		};
/* End PBXTargetDependency section */

/* Begin XCBuildConfiguration section */
		2EA504A038A69F5435E55B0A /* Release */ = {
			isa = XCBuildConfiguration;
			buildSettings = {
				ALWAYS_SEARCH_USER_PATHS = NO;
				CLANG_ANALYZER_NONNULL = YES;
				CLANG_ANALYZER_NUMBER_OBJECT_CONVERSION = YES_AGGRESSIVE;
				CLANG_CXX_LANGUAGE_STANDARD = "gnu++14";
				CLANG_CXX_LIBRARY = "libc++";
				CLANG_ENABLE_MODULES = YES;
				CLANG_ENABLE_OBJC_ARC = YES;
				CLANG_ENABLE_OBJC_WEAK = YES;
				CLANG_WARN_BLOCK_CAPTURE_AUTORELEASING = YES;
				CLANG_WARN_BOOL_CONVERSION = YES;
				CLANG_WARN_COMMA = YES;
				CLANG_WARN_CONSTANT_CONVERSION = YES;
				CLANG_WARN_DEPRECATED_OBJC_IMPLEMENTATIONS = YES;
				CLANG_WARN_DIRECT_OBJC_ISA_USAGE = YES_ERROR;
				CLANG_WARN_DOCUMENTATION_COMMENTS = YES;
				CLANG_WARN_EMPTY_BODY = YES;
				CLANG_WARN_ENUM_CONVERSION = YES;
				CLANG_WARN_INFINITE_RECURSION = YES;
				CLANG_WARN_INT_CONVERSION = YES;
				CLANG_WARN_NON_LITERAL_NULL_CONVERSION = YES;
				CLANG_WARN_OBJC_IMPLICIT_RETAIN_SELF = YES;
				CLANG_WARN_OBJC_LITERAL_CONVERSION = YES;
				CLANG_WARN_OBJC_ROOT_CLASS = YES_ERROR;
				CLANG_WARN_QUOTED_INCLUDE_IN_FRAMEWORK_HEADER = YES;
				CLANG_WARN_RANGE_LOOP_ANALYSIS = YES;
				CLANG_WARN_STRICT_PROTOTYPES = YES;
				CLANG_WARN_SUSPICIOUS_MOVE = YES;
				CLANG_WARN_UNGUARDED_AVAILABILITY = YES_AGGRESSIVE;
				CLANG_WARN_UNREACHABLE_CODE = YES;
				CLANG_WARN__DUPLICATE_METHOD_MATCH = YES;
				COPY_PHASE_STRIP = NO;
				DEBUG_INFORMATION_FORMAT = "dwarf-with-dsym";
				ENABLE_NS_ASSERTIONS = NO;
				ENABLE_STRICT_OBJC_MSGSEND = YES;
				GCC_C_LANGUAGE_STANDARD = gnu11;
				GCC_NO_COMMON_BLOCKS = YES;
				GCC_WARN_64_TO_32_BIT_CONVERSION = YES;
				GCC_WARN_ABOUT_RETURN_TYPE = YES_ERROR;
				GCC_WARN_UNDECLARED_SELECTOR = YES;
				GCC_WARN_UNINITIALIZED_AUTOS = YES_AGGRESSIVE;
				GCC_WARN_UNUSED_FUNCTION = YES;
				GCC_WARN_UNUSED_VARIABLE = YES;
				IPHONEOS_DEPLOYMENT_TARGET = 17.0;
				MTL_ENABLE_DEBUG_INFO = NO;
				MTL_FAST_MATH = YES;
				PRODUCT_NAME = "$(TARGET_NAME)";
				SDKROOT = iphoneos;
				SWIFT_COMPILATION_MODE = wholemodule;
				SWIFT_OPTIMIZATION_LEVEL = "-O";
				SWIFT_VERSION = 5.0;
			};
			name = Release;
		};
		70A37D88727D4ECE9051FDD4 /* Release */ = {
			isa = XCBuildConfiguration;
			buildSettings = {
				ASSETCATALOG_COMPILER_APPICON_NAME = AppIcon;
				CODE_SIGN_IDENTITY = "iPhone Developer";
				CODE_SIGN_STYLE = Automatic;
				GENERATE_INFOPLIST_FILE = NO;
				INFOPLIST_FILE = ShadowingApp/Info.plist;
				IPHONEOS_DEPLOYMENT_TARGET = 17.0;
				LD_RUNPATH_SEARCH_PATHS = (
					"$(inherited)",
					"@executable_path/Frameworks",
				);
				PRODUCT_BUNDLE_IDENTIFIER = com.yudataguy.ShadowingApp;
				SDKROOT = iphoneos;
				SUPPORTS_MACCATALYST = NO;
				TARGETED_DEVICE_FAMILY = 1;
			};
			name = Release;
		};
		71C744033158B6A8C24F22A6 /* Debug */ = {
			isa = XCBuildConfiguration;
			buildSettings = {
				ALWAYS_SEARCH_USER_PATHS = NO;
				CLANG_ANALYZER_NONNULL = YES;
				CLANG_ANALYZER_NUMBER_OBJECT_CONVERSION = YES_AGGRESSIVE;
				CLANG_CXX_LANGUAGE_STANDARD = "gnu++14";
				CLANG_CXX_LIBRARY = "libc++";
				CLANG_ENABLE_MODULES = YES;
				CLANG_ENABLE_OBJC_ARC = YES;
				CLANG_ENABLE_OBJC_WEAK = YES;
				CLANG_WARN_BLOCK_CAPTURE_AUTORELEASING = YES;
				CLANG_WARN_BOOL_CONVERSION = YES;
				CLANG_WARN_COMMA = YES;
				CLANG_WARN_CONSTANT_CONVERSION = YES;
				CLANG_WARN_DEPRECATED_OBJC_IMPLEMENTATIONS = YES;
				CLANG_WARN_DIRECT_OBJC_ISA_USAGE = YES_ERROR;
				CLANG_WARN_DOCUMENTATION_COMMENTS = YES;
				CLANG_WARN_EMPTY_BODY = YES;
				CLANG_WARN_ENUM_CONVERSION = YES;
				CLANG_WARN_INFINITE_RECURSION = YES;
				CLANG_WARN_INT_CONVERSION = YES;
				CLANG_WARN_NON_LITERAL_NULL_CONVERSION = YES;
				CLANG_WARN_OBJC_IMPLICIT_RETAIN_SELF = YES;
				CLANG_WARN_OBJC_LITERAL_CONVERSION = YES;
				CLANG_WARN_OBJC_ROOT_CLASS = YES_ERROR;
				CLANG_WARN_QUOTED_INCLUDE_IN_FRAMEWORK_HEADER = YES;
				CLANG_WARN_RANGE_LOOP_ANALYSIS = YES;
				CLANG_WARN_STRICT_PROTOTYPES = YES;
				CLANG_WARN_SUSPICIOUS_MOVE = YES;
				CLANG_WARN_UNGUARDED_AVAILABILITY = YES_AGGRESSIVE;
				CLANG_WARN_UNREACHABLE_CODE = YES;
				CLANG_WARN__DUPLICATE_METHOD_MATCH = YES;
				COPY_PHASE_STRIP = NO;
				DEBUG_INFORMATION_FORMAT = dwarf;
				ENABLE_STRICT_OBJC_MSGSEND = YES;
				ENABLE_TESTABILITY = YES;
				GCC_C_LANGUAGE_STANDARD = gnu11;
				GCC_DYNAMIC_NO_PIC = NO;
				GCC_NO_COMMON_BLOCKS = YES;
				GCC_OPTIMIZATION_LEVEL = 0;
				GCC_PREPROCESSOR_DEFINITIONS = (
					"$(inherited)",
					"DEBUG=1",
				);
				GCC_WARN_64_TO_32_BIT_CONVERSION = YES;
				GCC_WARN_ABOUT_RETURN_TYPE = YES_ERROR;
				GCC_WARN_UNDECLARED_SELECTOR = YES;
				GCC_WARN_UNINITIALIZED_AUTOS = YES_AGGRESSIVE;
				GCC_WARN_UNUSED_FUNCTION = YES;
				GCC_WARN_UNUSED_VARIABLE = YES;
				IPHONEOS_DEPLOYMENT_TARGET = 17.0;
				MTL_ENABLE_DEBUG_INFO = INCLUDE_SOURCE;
				MTL_FAST_MATH = YES;
				ONLY_ACTIVE_ARCH = YES;
				PRODUCT_NAME = "$(TARGET_NAME)";
				SDKROOT = iphoneos;
				SWIFT_ACTIVE_COMPILATION_CONDITIONS = DEBUG;
				SWIFT_OPTIMIZATION_LEVEL = "-Onone";
				SWIFT_VERSION = 5.0;
			};
			name = Debug;
		};
		966C0D72ADC81D0FFB5EF234 /* Debug */ = {
			isa = XCBuildConfiguration;
			buildSettings = {
				ASSETCATALOG_COMPILER_APPICON_NAME = AppIcon;
				CODE_SIGN_IDENTITY = "iPhone Developer";
				CODE_SIGN_STYLE = Automatic;
				GENERATE_INFOPLIST_FILE = NO;
				INFOPLIST_FILE = ShadowingApp/Info.plist;
				IPHONEOS_DEPLOYMENT_TARGET = 17.0;
				LD_RUNPATH_SEARCH_PATHS = (
					"$(inherited)",
					"@executable_path/Frameworks",
				);
				PRODUCT_BUNDLE_IDENTIFIER = com.yudataguy.ShadowingApp;
				SDKROOT = iphoneos;
				SUPPORTS_MACCATALYST = NO;
				TARGETED_DEVICE_FAMILY = 1;
			};
			name = Debug;
		};
		BB4AB30E0822BB8E1D2C89A1 /* Release */ = {
			isa = XCBuildConfiguration;
			buildSettings = {
				BUNDLE_LOADER = "$(TEST_HOST)";
				GENERATE_INFOPLIST_FILE = YES;
				IPHONEOS_DEPLOYMENT_TARGET = 17.0;
				LD_RUNPATH_SEARCH_PATHS = (
					"$(inherited)",
					"@executable_path/Frameworks",
					"@loader_path/Frameworks",
				);
				PRODUCT_BUNDLE_IDENTIFIER = com.yudataguy.ShadowingAppTests;
				SDKROOT = iphoneos;
				TARGETED_DEVICE_FAMILY = "1,2";
				TEST_HOST = "$(BUILT_PRODUCTS_DIR)/ShadowingApp.app/$(BUNDLE_EXECUTABLE_FOLDER_PATH)/ShadowingApp";
			};
			name = Release;
		};
		C736AC22D47F76F60FA996F9 /* Debug */ = {
			isa = XCBuildConfiguration;
			buildSettings = {
				BUNDLE_LOADER = "$(TEST_HOST)";
				GENERATE_INFOPLIST_FILE = YES;
				IPHONEOS_DEPLOYMENT_TARGET = 17.0;
				LD_RUNPATH_SEARCH_PATHS = (
					"$(inherited)",
					"@executable_path/Frameworks",
					"@loader_path/Frameworks",
				);
				PRODUCT_BUNDLE_IDENTIFIER = com.yudataguy.ShadowingAppTests;
				SDKROOT = iphoneos;
				TARGETED_DEVICE_FAMILY = "1,2";
				TEST_HOST = "$(BUILT_PRODUCTS_DIR)/ShadowingApp.app/$(BUNDLE_EXECUTABLE_FOLDER_PATH)/ShadowingApp";
			};
			name = Debug;
		};
/* End XCBuildConfiguration section */

/* Begin XCConfigurationList section */
		8EFCD3F6FC69D500EE5CE429 /* Build configuration list for PBXNativeTarget "ShadowingApp" */ = {
			isa = XCConfigurationList;
			buildConfigurations = (
				966C0D72ADC81D0FFB5EF234 /* Debug */,
				70A37D88727D4ECE9051FDD4 /* Release */,
			);
			defaultConfigurationIsVisible = 0;
			defaultConfigurationName = Debug;
		};
		DBF7D6ADA308B67E11CCEEB7 /* Build configuration list for PBXNativeTarget "ShadowingAppTests" */ = {
			isa = XCConfigurationList;
			buildConfigurations = (
				C736AC22D47F76F60FA996F9 /* Debug */,
				BB4AB30E0822BB8E1D2C89A1 /* Release */,
			);
			defaultConfigurationIsVisible = 0;
			defaultConfigurationName = Debug;
		};
		E486B8FE1194748951D29955 /* Build configuration list for PBXProject "ShadowingApp" */ = {
			isa = XCConfigurationList;
			buildConfigurations = (
				71C744033158B6A8C24F22A6 /* Debug */,
				2EA504A038A69F5435E55B0A /* Release */,
			);
			defaultConfigurationIsVisible = 0;
			defaultConfigurationName = Debug;
		};
/* End XCConfigurationList section */
	};
	rootObject = A20C60FF98B918FB06F127C6 /* Project object */;
}
