// !$*UTF8*$!
{
	archiveVersion = 1;
	classes = {
	};
	objectVersion = 77;
	objects = {

/* Begin PBXBuildFile section */
		05629FCD80CA9F4DF7929882 /* PreferencesStoreTests.swift in Sources */ = {isa = PBXBuildFile; fileRef = 5D9ECACD95DC54AEADA2E3F9 /* PreferencesStoreTests.swift */; };
		07174DAA808549443FE48B97 /* PlaylistSnapshotPublisher.swift in Sources */ = {isa = PBXBuildFile; fileRef = 51BB497604499D5A3AD71BC5 /* PlaylistSnapshotPublisher.swift */; };
		074A4A42B4C77B1B290C4A0A /* PlaylistsView.swift in Sources */ = {isa = PBXBuildFile; fileRef = 6C02BAC2EAF51097A664D808 /* PlaylistsView.swift */; };
		0CB89FF545D405A40522D1EA /* NowPlayingSheet.swift in Sources */ = {isa = PBXBuildFile; fileRef = 153B88C85D1487D1E18F8BA1 /* NowPlayingSheet.swift */; };
		0D767873BDA39BDD692DB4AC /* AppGroup.swift in Sources */ = {isa = PBXBuildFile; fileRef = EEEAC6A60E548AAA41D35074 /* AppGroup.swift */; };
		1AC453D9BB47AB74F9322A96 /* PlaybackState.swift in Sources */ = {isa = PBXBuildFile; fileRef = 83F3480AF515DC221A582B81 /* PlaybackState.swift */; };
		1AF66842DDDB7CBA4C7C2430 /* AppGroupContainer.swift in Sources */ = {isa = PBXBuildFile; fileRef = 93E2B6AF5875A105BE0B2DAD /* AppGroupContainer.swift */; };
		1E2EEE2A5B992A176D72B99A /* ScrubberView.swift in Sources */ = {isa = PBXBuildFile; fileRef = 1F0DF2478B5384F2271CE452 /* ScrubberView.swift */; };
		23A1D77B9E7C60C9EA3DBFF9 /* PlaylistEntityQueryTests.swift in Sources */ = {isa = PBXBuildFile; fileRef = 0ACCA3E64D4D97683D69C54A /* PlaylistEntityQueryTests.swift */; };
		23AE6AB29C55BB18D4A52715 /* PlayPlaylistIntentTests.swift in Sources */ = {isa = PBXBuildFile; fileRef = 5E7F499B60997B6359A6FBDD /* PlayPlaylistIntentTests.swift */; };
		2BEC197CC38C6ABA8166A72E /* ShadowingAppApp.swift in Sources */ = {isa = PBXBuildFile; fileRef = 013F569B6AEB8D4748F451B2 /* ShadowingAppApp.swift */; };
		2C792C5F3FADC098417BEBB3 /* PlaybackStatePersisting.swift in Sources */ = {isa = PBXBuildFile; fileRef = 98AE016E46F9CFE848220B34 /* PlaybackStatePersisting.swift */; };
		32A1B945EDFF359ED4CDD423 /* AddToPlaylistSheet.swift in Sources */ = {isa = PBXBuildFile; fileRef = CBC13AAECB5AA1ED4DA673B7 /* AddToPlaylistSheet.swift */; };
		367BAFFDDC9CF1501ACFC95D /* PlaylistsWidget.swift in Sources */ = {isa = PBXBuildFile; fileRef = C38089911FBFF5B2765E86D0 /* PlaylistsWidget.swift */; };
		3865ACEA44A0EC9AD2FF3064 /* FolderBookmark.swift in Sources */ = {isa = PBXBuildFile; fileRef = E7ED21FECAE78163A0F09682 /* FolderBookmark.swift */; };
		39F7B49FC89DE037857E117C /* FolderSectionHeader.swift in Sources */ = {isa = PBXBuildFile; fileRef = E604E843664305FA125A76D8 /* FolderSectionHeader.swift */; };
		3BC3F7B459D4B85329DFB936 /* ShadowingAppTests.swift in Sources */ = {isa = PBXBuildFile; fileRef = FE2D12580DFA520D5E82BF3D /* ShadowingAppTests.swift */; };
		3CFA5B10EBFA7D9CD4F2E05C /* PlaylistDetailView.swift in Sources */ = {isa = PBXBuildFile; fileRef = E6853A3C1AA6BCFC7D937082 /* PlaylistDetailView.swift */; };
		3E5C90593658843A237D826E /* FavoritePlaylistTimelineProvider.swift in Sources */ = {isa = PBXBuildFile; fileRef = D0B98A2CAB1B064CD1C9DA90 /* FavoritePlaylistTimelineProvider.swift */; };
		3EC8EE9CBFC8F5C5346D035A /* Assets.xcassets in Resources */ = {isa = PBXBuildFile; fileRef = 2F7D6E60891A5E434642DF56 /* Assets.xcassets */; };
		41F07753EDDECA7114EF734B /* WidgetHandoffTests.swift in Sources */ = {isa = PBXBuildFile; fileRef = 64326E1883F9B602EC07F7C2 /* WidgetHandoffTests.swift */; };
		42D04352FE4266D34B465B27 /* LibraryServiceTests.swift in Sources */ = {isa = PBXBuildFile; fileRef = 37918FF1D1721975C40385BD /* LibraryServiceTests.swift */; };
		45DE2761EE2F42102F564262 /* PlayerEngine.swift in Sources */ = {isa = PBXBuildFile; fileRef = 36D7E7AA5FF64F8F0D905E34 /* PlayerEngine.swift */; };
		46F66C9A10907ECFDD7DE88A /* AudioSessionCoordinator.swift in Sources */ = {isa = PBXBuildFile; fileRef = EC612E7D9FE039A0D838DC9C /* AudioSessionCoordinator.swift */; };
		533F4CE3905123DFADED5333 /* OnboardingSheet.swift in Sources */ = {isa = PBXBuildFile; fileRef = 8F5343FD6080D8653B060FA1 /* OnboardingSheet.swift */; };
		537913CAB4DEFFDFD479A486 /* PlayPlaylistIntent.swift in Sources */ = {isa = PBXBuildFile; fileRef = C7772B0046E1E593026A5CB4 /* PlayPlaylistIntent.swift */; };
		543CE4B4BE6B6828CD551FE5 /* NewPlaylistSheet.swift in Sources */ = {isa = PBXBuildFile; fileRef = EC527BD551A5EC737C4C6E3E /* NewPlaylistSheet.swift */; };
		5599935D5B7FFE043F44BC5E /* PlaylistsTimelineProvider.swift in Sources */ = {isa = PBXBuildFile; fileRef = 6916C5FF8C7531E3092FA91D /* PlaylistsTimelineProvider.swift */; };
		5E34CDE8982C2EB81C065740 /* PlaylistsWidgetView.swift in Sources */ = {isa = PBXBuildFile; fileRef = DB6ABF647B84E7A0FC154B05 /* PlaylistsWidgetView.swift */; };
		5FBA41E194DDD66E5EE2878C /* SelectPlaylistIntent.swift in Sources */ = {isa = PBXBuildFile; fileRef = 4C48A1A4C6F0E44491D9C8A9 /* SelectPlaylistIntent.swift */; };
		62D97F521629363237FB1261 /* BundledLibrary.swift in Sources */ = {isa = PBXBuildFile; fileRef = 76E375557CC7AE2D75F8A318 /* BundledLibrary.swift */; };
		64C3BD22EE54BF22A5C443C1 /* WidgetHandoff.swift in Sources */ = {isa = PBXBuildFile; fileRef = 6847D8424F009FD7E5B50511 /* WidgetHandoff.swift */; };
		6DD139C83DFC10DD3484FD9D /* AppGroup.swift in Sources */ = {isa = PBXBuildFile; fileRef = EEEAC6A60E548AAA41D35074 /* AppGroup.swift */; };
		6E5D703082E9606F4EB300C6 /* BookmarkStoreTests.swift in Sources */ = {isa = PBXBuildFile; fileRef = 1D780AA52B69F6CE5E574150 /* BookmarkStoreTests.swift */; };
		72F013FA221E81C8676AD6D3 /* RootView.swift in Sources */ = {isa = PBXBuildFile; fileRef = CE025F87AD364699EF0C2DB8 /* RootView.swift */; };
		77DD8618EE43B9492271FA03 /* Playlist.swift in Sources */ = {isa = PBXBuildFile; fileRef = 68C9A976CAD480D58B1F6989 /* Playlist.swift */; };
		7A6E92DD087116068E90B0FD /* NowPlayingCenter.swift in Sources */ = {isa = PBXBuildFile; fileRef = 017FE554AC517F28DE289FD1 /* NowPlayingCenter.swift */; };
		7C63142AE4DEE17B398A1169 /* BookmarkStore.swift in Sources */ = {isa = PBXBuildFile; fileRef = DE91025AF02EDBDCC6C71A74 /* BookmarkStore.swift */; };
		84D10E0DDF0B77D6D7F70954 /* DocumentPicker.swift in Sources */ = {isa = PBXBuildFile; fileRef = 0C7D6A28B8939A88ED13E99D /* DocumentPicker.swift */; };
		87ED6EEAE3E02BE0635F60FC /* MiniPlayerBar.swift in Sources */ = {isa = PBXBuildFile; fileRef = 018ED14221BC2166ED1B0303 /* MiniPlayerBar.swift */; };
		8804E34B200EE70F638C60C0 /* TrackRow.swift in Sources */ = {isa = PBXBuildFile; fileRef = 110C4AC608AF0209A1840688 /* TrackRow.swift */; };
		897342EC639E0AB81943C87B /* french-trois-mousquetaires.mp3 in Resources */ = {isa = PBXBuildFile; fileRef = 9F279194BB61E410E1BEDF20 /* french-trois-mousquetaires.mp3 */; };
		8B2B82D6ACB167EAD4EF4447 /* PlaylistEntry.swift in Sources */ = {isa = PBXBuildFile; fileRef = E7D734FBEA839AA47147BFE6 /* PlaylistEntry.swift */; };
		8BD089E257107D351F71DE9E /* BundledLibraryTests.swift in Sources */ = {isa = PBXBuildFile; fileRef = C191AA3FB2338D589CE43332 /* BundledLibraryTests.swift */; };
		8E0D5A923A870BC16CB448E8 /* SampleAudio.json in Resources */ = {isa = PBXBuildFile; fileRef = F99561C5934090D01F6A6273 /* SampleAudio.json */; };
		8E87F06CE06F82A12EA9AC3B /* FavoritePlaylistWidgetView.swift in Sources */ = {isa = PBXBuildFile; fileRef = B2561B5B9DC9F8F8E4315ADC /* FavoritePlaylistWidgetView.swift */; };
		92D0C7955C06FE475F982464 /* LoopMode.swift in Sources */ = {isa = PBXBuildFile; fileRef = 58D51F486911CCE5BB8E562C /* LoopMode.swift */; };
		95DD1231C6E7295FF1132406 /* PlayPlaylistIntent.swift in Sources */ = {isa = PBXBuildFile; fileRef = C7772B0046E1E593026A5CB4 /* PlayPlaylistIntent.swift */; };
		98D4CD97E18F7C4FB7F14F76 /* FavoritePlaylistWidget.swift in Sources */ = {isa = PBXBuildFile; fileRef = 197C508F6B33CE30C57780D8 /* FavoritePlaylistWidget.swift */; };
		9BBCBA85CCDEF34408953CAA /* PlayerStore.swift in Sources */ = {isa = PBXBuildFile; fileRef = 81FCE253BC6FF95A3059DAFD /* PlayerStore.swift */; };
		9BCBCC0B43718F0AC401A110 /* PrivacyInfo.xcprivacy in Resources */ = {isa = PBXBuildFile; fileRef = BBC1BFF427E272CA782955EE /* PrivacyInfo.xcprivacy */; };
		9C15136B308759AC2319D1BA /* PlaylistSnapshot.swift in Sources */ = {isa = PBXBuildFile; fileRef = BB37FAF39933A057F7F086F4 /* PlaylistSnapshot.swift */; };
		9CC33FEA7E8AE1A530D8A339 /* PreferencesStore.swift in Sources */ = {isa = PBXBuildFile; fileRef = F9D5869D82869E4D8B25DFB5 /* PreferencesStore.swift */; };
		9CCBE92FE9836D09E2DCB779 /* PlaylistSnapshotTests.swift in Sources */ = {isa = PBXBuildFile; fileRef = 84719B4156617F85C08BD6A1 /* PlaylistSnapshotTests.swift */; };
		9F73E3BB1D5D8774601D33DF /* PrivacyInfo.xcprivacy in Resources */ = {isa = PBXBuildFile; fileRef = C5B1B7B9FB7517DC78D09CF4 /* PrivacyInfo.xcprivacy */; };
		A25F6137FD109141466D8DFB /* PlaylistSnapshot.swift in Sources */ = {isa = PBXBuildFile; fileRef = BB37FAF39933A057F7F086F4 /* PlaylistSnapshot.swift */; };
		AFC3996E39791FD29E07BCC1 /* LibraryView.swift in Sources */ = {isa = PBXBuildFile; fileRef = 967FF795F0E0A7021056729A /* LibraryView.swift */; };
		B15667C83DCA7B06A65A7249 /* spanish-don-quijote.mp3 in Resources */ = {isa = PBXBuildFile; fileRef = 39285FE10CCDE8615A10C6EF /* spanish-don-quijote.mp3 */; };
		B1FB3AD2DCA66618E305B8E2 /* SelectPlaylistIntent.swift in Sources */ = {isa = PBXBuildFile; fileRef = 4C48A1A4C6F0E44491D9C8A9 /* SelectPlaylistIntent.swift */; };
		B2251EFD29179057AD97CBEA /* english-pride-and-prejudice.mp3 in Resources */ = {isa = PBXBuildFile; fileRef = 0A4E6B1DC91A3F2ACB06E6FA /* english-pride-and-prejudice.mp3 */; };
		BA6C1D84E9C5B532EC7CF89D /* PlaylistEntity.swift in Sources */ = {isa = PBXBuildFile; fileRef = 8ED60FE76CBE1CFB29A6A6DA /* PlaylistEntity.swift */; };
		C44C2FE11D14C3003148EFFD /* AVPlayerEngine.swift in Sources */ = {isa = PBXBuildFile; fileRef = 53160099814CBCF9EB672F3F /* AVPlayerEngine.swift */; };
		CC12433F5BA80100E11498D5 /* FakePlayerEngine.swift in Sources */ = {isa = PBXBuildFile; fileRef = EE9D8FC0BDBE1A6A6F7C0CAD /* FakePlayerEngine.swift */; };
		CCC10E4BF727131DC6B7A2BB /* LibrarySnapshot.swift in Sources */ = {isa = PBXBuildFile; fileRef = 71B6F0BBEE36BD015CDACDF4 /* LibrarySnapshot.swift */; };
		CFBEEB97AA8015CBFD2E3757 /* SwiftDataPlaybackPersistence.swift in Sources */ = {isa = PBXBuildFile; fileRef = 9DE8F2D89415DD7C6912A4BE /* SwiftDataPlaybackPersistence.swift */; };
		D238E546F64BF42F9D8E2A65 /* Track.swift in Sources */ = {isa = PBXBuildFile; fileRef = ACE8479BAEAB28CB2736F7CF /* Track.swift */; };
		D88B89B87DCC02624D6F5F58 /* TrackTests.swift in Sources */ = {isa = PBXBuildFile; fileRef = AA417C390BED0F79E4C6A25D /* TrackTests.swift */; };
		DAC1CDE9D9203CF903A23D28 /* LibraryService.swift in Sources */ = {isa = PBXBuildFile; fileRef = F856562249660E048B874511 /* LibraryService.swift */; };
		E14895C86E3F3BB0A545D111 /* PlayerStoreResumeTests.swift in Sources */ = {isa = PBXBuildFile; fileRef = 2EC03C96B91D602D1A799C9B /* PlayerStoreResumeTests.swift */; };
		E21E9676E2C3254EF20C4DE3 /* ShadowingWidget.appex in Embed Foundation Extensions */ = {isa = PBXBuildFile; fileRef = D1C2A4BB3D65678F3FA1C0F7 /* ShadowingWidget.appex */; settings = {ATTRIBUTES = (CodeSignOnCopy, RemoveHeadersOnCopy, ); }; };
		E4995E331261446AD92E6936 /* FoldersSettingsView.swift in Sources */ = {isa = PBXBuildFile; fileRef = 314444F48B3DB6A2B79E2336 /* FoldersSettingsView.swift */; };
		E75A634BB28275D5A818B287 /* PlaylistEntity.swift in Sources */ = {isa = PBXBuildFile; fileRef = 8ED60FE76CBE1CFB29A6A6DA /* PlaylistEntity.swift */; };
		EBCA2A9F461A626F8FFAFE2E /* PlayerStoreQueueTests.swift in Sources */ = {isa = PBXBuildFile; fileRef = 080157B13D804FD26C8431C4 /* PlayerStoreQueueTests.swift */; };
		F0DFFDF572CE9939B5B6C240 /* ShadowingWidgetBundle.swift in Sources */ = {isa = PBXBuildFile; fileRef = 66A674582863E61CD3A70804 /* ShadowingWidgetBundle.swift */; };
/* End PBXBuildFile section */

/* Begin PBXContainerItemProxy section */
		5DCD35BD79670E8F3BADD8CF /* PBXContainerItemProxy */ = {
			isa = PBXContainerItemProxy;
			containerPortal = A20C60FF98B918FB06F127C6 /* Project object */;
			proxyType = 1;
			remoteGlobalIDString = CA1C3CFCF2B3E27830DDDBC9;
			remoteInfo = ShadowingWidget;
		};
		C7C4ABF1B0867ED4E0B5D7D9 /* PBXContainerItemProxy */ = {
			isa = PBXContainerItemProxy;
			containerPortal = A20C60FF98B918FB06F127C6 /* Project object */;
			proxyType = 1;
			remoteGlobalIDString = 491A2F8348FE8DB7DDE189DC;
			remoteInfo = ShadowingApp;
		};
/* End PBXContainerItemProxy section */

/* Begin PBXCopyFilesBuildPhase section */
		EEBBF3B6201331E8D4BF7E24 /* Embed Foundation Extensions */ = {
			isa = PBXCopyFilesBuildPhase;
			buildActionMask = 2147483647;
			dstPath = "";
			dstSubfolderSpec = 13;
			files = (
				E21E9676E2C3254EF20C4DE3 /* ShadowingWidget.appex in Embed Foundation Extensions */,
			);
			name = "Embed Foundation Extensions";
			runOnlyForDeploymentPostprocessing = 0;
		};
/* End PBXCopyFilesBuildPhase section */

/* Begin PBXFileReference section */
		013F569B6AEB8D4748F451B2 /* ShadowingAppApp.swift */ = {isa = PBXFileReference; lastKnownFileType = sourcecode.swift; path = ShadowingAppApp.swift; sourceTree = "<group>"; };
		017FE554AC517F28DE289FD1 /* NowPlayingCenter.swift */ = {isa = PBXFileReference; lastKnownFileType = sourcecode.swift; path = NowPlayingCenter.swift; sourceTree = "<group>"; };
		018ED14221BC2166ED1B0303 /* MiniPlayerBar.swift */ = {isa = PBXFileReference; lastKnownFileType = sourcecode.swift; path = MiniPlayerBar.swift; sourceTree = "<group>"; };
		03C37934D1A7E1E68003FB38 /* .gitkeep */ = {isa = PBXFileReference; path = .gitkeep; sourceTree = "<group>"; };
		0702EB5784B795D2FFAE3612 /* .gitkeep */ = {isa = PBXFileReference; path = .gitkeep; sourceTree = "<group>"; };
		080157B13D804FD26C8431C4 /* PlayerStoreQueueTests.swift */ = {isa = PBXFileReference; lastKnownFileType = sourcecode.swift; path = PlayerStoreQueueTests.swift; sourceTree = "<group>"; };
		0A4E6B1DC91A3F2ACB06E6FA /* english-pride-and-prejudice.mp3 */ = {isa = PBXFileReference; lastKnownFileType = audio.mp3; path = "english-pride-and-prejudice.mp3"; sourceTree = "<group>"; };
		0ACCA3E64D4D97683D69C54A /* PlaylistEntityQueryTests.swift */ = {isa = PBXFileReference; lastKnownFileType = sourcecode.swift; path = PlaylistEntityQueryTests.swift; sourceTree = "<group>"; };
		0C7D6A28B8939A88ED13E99D /* DocumentPicker.swift */ = {isa = PBXFileReference; lastKnownFileType = sourcecode.swift; path = DocumentPicker.swift; sourceTree = "<group>"; };
		110C4AC608AF0209A1840688 /* TrackRow.swift */ = {isa = PBXFileReference; lastKnownFileType = sourcecode.swift; path = TrackRow.swift; sourceTree = "<group>"; };
		13A7001E9309792DF86B2B7D /* .gitkeep */ = {isa = PBXFileReference; path = .gitkeep; sourceTree = "<group>"; };
		153B88C85D1487D1E18F8BA1 /* NowPlayingSheet.swift */ = {isa = PBXFileReference; lastKnownFileType = sourcecode.swift; path = NowPlayingSheet.swift; sourceTree = "<group>"; };
		197C508F6B33CE30C57780D8 /* FavoritePlaylistWidget.swift */ = {isa = PBXFileReference; lastKnownFileType = sourcecode.swift; path = FavoritePlaylistWidget.swift; sourceTree = "<group>"; };
		1D780AA52B69F6CE5E574150 /* BookmarkStoreTests.swift */ = {isa = PBXFileReference; lastKnownFileType = sourcecode.swift; path = BookmarkStoreTests.swift; sourceTree = "<group>"; };
		1F0DF2478B5384F2271CE452 /* ScrubberView.swift */ = {isa = PBXFileReference; lastKnownFileType = sourcecode.swift; path = ScrubberView.swift; sourceTree = "<group>"; };
		238F994839829652238D3AF0 /* Info.plist */ = {isa = PBXFileReference; lastKnownFileType = text.plist; path = Info.plist; sourceTree = "<group>"; };
		2EC03C96B91D602D1A799C9B /* PlayerStoreResumeTests.swift */ = {isa = PBXFileReference; lastKnownFileType = sourcecode.swift; path = PlayerStoreResumeTests.swift; sourceTree = "<group>"; };
		2F7D6E60891A5E434642DF56 /* Assets.xcassets */ = {isa = PBXFileReference; lastKnownFileType = folder.assetcatalog; path = Assets.xcassets; sourceTree = "<group>"; };
		314444F48B3DB6A2B79E2336 /* FoldersSettingsView.swift */ = {isa = PBXFileReference; lastKnownFileType = sourcecode.swift; path = FoldersSettingsView.swift; sourceTree = "<group>"; };
		36D7E7AA5FF64F8F0D905E34 /* PlayerEngine.swift */ = {isa = PBXFileReference; lastKnownFileType = sourcecode.swift; path = PlayerEngine.swift; sourceTree = "<group>"; };
		37918FF1D1721975C40385BD /* LibraryServiceTests.swift */ = {isa = PBXFileReference; lastKnownFileType = sourcecode.swift; path = LibraryServiceTests.swift; sourceTree = "<group>"; };
		39285FE10CCDE8615A10C6EF /* spanish-don-quijote.mp3 */ = {isa = PBXFileReference; lastKnownFileType = audio.mp3; path = "spanish-don-quijote.mp3"; sourceTree = "<group>"; };
		3A20790FBEFB1D3301080955 /* ShadowingApp.app */ = {isa = PBXFileReference; includeInIndex = 0; lastKnownFileType = wrapper.application; path = ShadowingApp.app; sourceTree = BUILT_PRODUCTS_DIR; };
		3C11BB0E55305C2B41BE9DAA /* .gitkeep */ = {isa = PBXFileReference; path = .gitkeep; sourceTree = "<group>"; };
		3D73D6B1C74113EC86DE73C4 /* ShadowingWidget.entitlements */ = {isa = PBXFileReference; lastKnownFileType = text.plist.entitlements; path = ShadowingWidget.entitlements; sourceTree = "<group>"; };
		4C48A1A4C6F0E44491D9C8A9 /* SelectPlaylistIntent.swift */ = {isa = PBXFileReference; lastKnownFileType = sourcecode.swift; path = SelectPlaylistIntent.swift; sourceTree = "<group>"; };
		51BB497604499D5A3AD71BC5 /* PlaylistSnapshotPublisher.swift */ = {isa = PBXFileReference; lastKnownFileType = sourcecode.swift; path = PlaylistSnapshotPublisher.swift; sourceTree = "<group>"; };
		53160099814CBCF9EB672F3F /* AVPlayerEngine.swift */ = {isa = PBXFileReference; lastKnownFileType = sourcecode.swift; path = AVPlayerEngine.swift; sourceTree = "<group>"; };
		58D51F486911CCE5BB8E562C /* LoopMode.swift */ = {isa = PBXFileReference; lastKnownFileType = sourcecode.swift; path = LoopMode.swift; sourceTree = "<group>"; };
		5D9ECACD95DC54AEADA2E3F9 /* PreferencesStoreTests.swift */ = {isa = PBXFileReference; lastKnownFileType = sourcecode.swift; path = PreferencesStoreTests.swift; sourceTree = "<group>"; };
		5E7F499B60997B6359A6FBDD /* PlayPlaylistIntentTests.swift */ = {isa = PBXFileReference; lastKnownFileType = sourcecode.swift; path = PlayPlaylistIntentTests.swift; sourceTree = "<group>"; };
		64326E1883F9B602EC07F7C2 /* WidgetHandoffTests.swift */ = {isa = PBXFileReference; lastKnownFileType = sourcecode.swift; path = WidgetHandoffTests.swift; sourceTree = "<group>"; };
		66A674582863E61CD3A70804 /* ShadowingWidgetBundle.swift */ = {isa = PBXFileReference; lastKnownFileType = sourcecode.swift; path = ShadowingWidgetBundle.swift; sourceTree = "<group>"; };
		6847D8424F009FD7E5B50511 /* WidgetHandoff.swift */ = {isa = PBXFileReference; lastKnownFileType = sourcecode.swift; path = WidgetHandoff.swift; sourceTree = "<group>"; };
		68C9A976CAD480D58B1F6989 /* Playlist.swift */ = {isa = PBXFileReference; lastKnownFileType = sourcecode.swift; path = Playlist.swift; sourceTree = "<group>"; };
		6916C5FF8C7531E3092FA91D /* PlaylistsTimelineProvider.swift */ = {isa = PBXFileReference; lastKnownFileType = sourcecode.swift; path = PlaylistsTimelineProvider.swift; sourceTree = "<group>"; };
		6C02BAC2EAF51097A664D808 /* PlaylistsView.swift */ = {isa = PBXFileReference; lastKnownFileType = sourcecode.swift; path = PlaylistsView.swift; sourceTree = "<group>"; };
		6FDBFA4F1312B312FEAF3FBB /* Info.plist */ = {isa = PBXFileReference; lastKnownFileType = text.plist; path = Info.plist; sourceTree = "<group>"; };
		70BDA7A13418672E88477EF7 /* .gitkeep */ = {isa = PBXFileReference; path = .gitkeep; sourceTree = "<group>"; };
		71B6F0BBEE36BD015CDACDF4 /* LibrarySnapshot.swift */ = {isa = PBXFileReference; lastKnownFileType = sourcecode.swift; path = LibrarySnapshot.swift; sourceTree = "<group>"; };
		76E375557CC7AE2D75F8A318 /* BundledLibrary.swift */ = {isa = PBXFileReference; lastKnownFileType = sourcecode.swift; path = BundledLibrary.swift; sourceTree = "<group>"; };
		7D53CCD5E610B27B1BBEFD88 /* ShadowingAppTests.xctest */ = {isa = PBXFileReference; includeInIndex = 0; lastKnownFileType = wrapper.cfbundle; path = ShadowingAppTests.xctest; sourceTree = BUILT_PRODUCTS_DIR; };
		81FCE253BC6FF95A3059DAFD /* PlayerStore.swift */ = {isa = PBXFileReference; lastKnownFileType = sourcecode.swift; path = PlayerStore.swift; sourceTree = "<group>"; };
		83F3480AF515DC221A582B81 /* PlaybackState.swift */ = {isa = PBXFileReference; lastKnownFileType = sourcecode.swift; path = PlaybackState.swift; sourceTree = "<group>"; };
		84719B4156617F85C08BD6A1 /* PlaylistSnapshotTests.swift */ = {isa = PBXFileReference; lastKnownFileType = sourcecode.swift; path = PlaylistSnapshotTests.swift; sourceTree = "<group>"; };
		8ED60FE76CBE1CFB29A6A6DA /* PlaylistEntity.swift */ = {isa = PBXFileReference; lastKnownFileType = sourcecode.swift; path = PlaylistEntity.swift; sourceTree = "<group>"; };
		8F5343FD6080D8653B060FA1 /* OnboardingSheet.swift */ = {isa = PBXFileReference; lastKnownFileType = sourcecode.swift; path = OnboardingSheet.swift; sourceTree = "<group>"; };
		93E2B6AF5875A105BE0B2DAD /* AppGroupContainer.swift */ = {isa = PBXFileReference; lastKnownFileType = sourcecode.swift; path = AppGroupContainer.swift; sourceTree = "<group>"; };
		967FF795F0E0A7021056729A /* LibraryView.swift */ = {isa = PBXFileReference; lastKnownFileType = sourcecode.swift; path = LibraryView.swift; sourceTree = "<group>"; };
		98AE016E46F9CFE848220B34 /* PlaybackStatePersisting.swift */ = {isa = PBXFileReference; lastKnownFileType = sourcecode.swift; path = PlaybackStatePersisting.swift; sourceTree = "<group>"; };
		9DE8F2D89415DD7C6912A4BE /* SwiftDataPlaybackPersistence.swift */ = {isa = PBXFileReference; lastKnownFileType = sourcecode.swift; path = SwiftDataPlaybackPersistence.swift; sourceTree = "<group>"; };
		9F279194BB61E410E1BEDF20 /* french-trois-mousquetaires.mp3 */ = {isa = PBXFileReference; lastKnownFileType = audio.mp3; path = "french-trois-mousquetaires.mp3"; sourceTree = "<group>"; };
		AA417C390BED0F79E4C6A25D /* TrackTests.swift */ = {isa = PBXFileReference; lastKnownFileType = sourcecode.swift; path = TrackTests.swift; sourceTree = "<group>"; };
		ACE8479BAEAB28CB2736F7CF /* Track.swift */ = {isa = PBXFileReference; lastKnownFileType = sourcecode.swift; path = Track.swift; sourceTree = "<group>"; };
		AFA3F40C6C561B344CE3EEB7 /* ShadowingApp.entitlements */ = {isa = PBXFileReference; lastKnownFileType = text.plist.entitlements; path = ShadowingApp.entitlements; sourceTree = "<group>"; };
		B2561B5B9DC9F8F8E4315ADC /* FavoritePlaylistWidgetView.swift */ = {isa = PBXFileReference; lastKnownFileType = sourcecode.swift; path = FavoritePlaylistWidgetView.swift; sourceTree = "<group>"; };
		BA6B37778E81944A3E994865 /* .gitkeep */ = {isa = PBXFileReference; path = .gitkeep; sourceTree = "<group>"; };
		BB37FAF39933A057F7F086F4 /* PlaylistSnapshot.swift */ = {isa = PBXFileReference; lastKnownFileType = sourcecode.swift; path = PlaylistSnapshot.swift; sourceTree = "<group>"; };
		BBC1BFF427E272CA782955EE /* PrivacyInfo.xcprivacy */ = {isa = PBXFileReference; path = PrivacyInfo.xcprivacy; sourceTree = "<group>"; };
		C191AA3FB2338D589CE43332 /* BundledLibraryTests.swift */ = {isa = PBXFileReference; lastKnownFileType = sourcecode.swift; path = BundledLibraryTests.swift; sourceTree = "<group>"; };
		C38089911FBFF5B2765E86D0 /* PlaylistsWidget.swift */ = {isa = PBXFileReference; lastKnownFileType = sourcecode.swift; path = PlaylistsWidget.swift; sourceTree = "<group>"; };
		C5B1B7B9FB7517DC78D09CF4 /* PrivacyInfo.xcprivacy */ = {isa = PBXFileReference; path = PrivacyInfo.xcprivacy; sourceTree = "<group>"; };
		C7772B0046E1E593026A5CB4 /* PlayPlaylistIntent.swift */ = {isa = PBXFileReference; lastKnownFileType = sourcecode.swift; path = PlayPlaylistIntent.swift; sourceTree = "<group>"; };
		CBC13AAECB5AA1ED4DA673B7 /* AddToPlaylistSheet.swift */ = {isa = PBXFileReference; lastKnownFileType = sourcecode.swift; path = AddToPlaylistSheet.swift; sourceTree = "<group>"; };
		CE025F87AD364699EF0C2DB8 /* RootView.swift */ = {isa = PBXFileReference; lastKnownFileType = sourcecode.swift; path = RootView.swift; sourceTree = "<group>"; };
		D0B98A2CAB1B064CD1C9DA90 /* FavoritePlaylistTimelineProvider.swift */ = {isa = PBXFileReference; lastKnownFileType = sourcecode.swift; path = FavoritePlaylistTimelineProvider.swift; sourceTree = "<group>"; };
		D1C2A4BB3D65678F3FA1C0F7 /* ShadowingWidget.appex */ = {isa = PBXFileReference; includeInIndex = 0; lastKnownFileType = "wrapper.app-extension"; path = ShadowingWidget.appex; sourceTree = BUILT_PRODUCTS_DIR; };
		D65016A9ADD86037B61AF3EF /* .gitkeep */ = {isa = PBXFileReference; path = .gitkeep; sourceTree = "<group>"; };
		DB6ABF647B84E7A0FC154B05 /* PlaylistsWidgetView.swift */ = {isa = PBXFileReference; lastKnownFileType = sourcecode.swift; path = PlaylistsWidgetView.swift; sourceTree = "<group>"; };
		DE91025AF02EDBDCC6C71A74 /* BookmarkStore.swift */ = {isa = PBXFileReference; lastKnownFileType = sourcecode.swift; path = BookmarkStore.swift; sourceTree = "<group>"; };
		E385B73864146DF6E34D59BB /* .gitkeep */ = {isa = PBXFileReference; path = .gitkeep; sourceTree = "<group>"; };
		E604E843664305FA125A76D8 /* FolderSectionHeader.swift */ = {isa = PBXFileReference; lastKnownFileType = sourcecode.swift; path = FolderSectionHeader.swift; sourceTree = "<group>"; };
		E6853A3C1AA6BCFC7D937082 /* PlaylistDetailView.swift */ = {isa = PBXFileReference; lastKnownFileType = sourcecode.swift; path = PlaylistDetailView.swift; sourceTree = "<group>"; };
		E7D734FBEA839AA47147BFE6 /* PlaylistEntry.swift */ = {isa = PBXFileReference; lastKnownFileType = sourcecode.swift; path = PlaylistEntry.swift; sourceTree = "<group>"; };
		E7ED21FECAE78163A0F09682 /* FolderBookmark.swift */ = {isa = PBXFileReference; lastKnownFileType = sourcecode.swift; path = FolderBookmark.swift; sourceTree = "<group>"; };
		EC527BD551A5EC737C4C6E3E /* NewPlaylistSheet.swift */ = {isa = PBXFileReference; lastKnownFileType = sourcecode.swift; path = NewPlaylistSheet.swift; sourceTree = "<group>"; };
		EC612E7D9FE039A0D838DC9C /* AudioSessionCoordinator.swift */ = {isa = PBXFileReference; lastKnownFileType = sourcecode.swift; path = AudioSessionCoordinator.swift; sourceTree = "<group>"; };
		EE9D8FC0BDBE1A6A6F7C0CAD /* FakePlayerEngine.swift */ = {isa = PBXFileReference; lastKnownFileType = sourcecode.swift; path = FakePlayerEngine.swift; sourceTree = "<group>"; };
		EEEAC6A60E548AAA41D35074 /* AppGroup.swift */ = {isa = PBXFileReference; lastKnownFileType = sourcecode.swift; path = AppGroup.swift; sourceTree = "<group>"; };
		F856562249660E048B874511 /* LibraryService.swift */ = {isa = PBXFileReference; lastKnownFileType = sourcecode.swift; path = LibraryService.swift; sourceTree = "<group>"; };
		F99561C5934090D01F6A6273 /* SampleAudio.json */ = {isa = PBXFileReference; lastKnownFileType = text.json; path = SampleAudio.json; sourceTree = "<group>"; };
		F9D5869D82869E4D8B25DFB5 /* PreferencesStore.swift */ = {isa = PBXFileReference; lastKnownFileType = sourcecode.swift; path = PreferencesStore.swift; sourceTree = "<group>"; };
		FE2D12580DFA520D5E82BF3D /* ShadowingAppTests.swift */ = {isa = PBXFileReference; lastKnownFileType = sourcecode.swift; path = ShadowingAppTests.swift; sourceTree = "<group>"; };
/* End PBXFileReference section */

/* Begin PBXGroup section */
		186DA85F1BB9598F9DC1EB6D /* State */ = {
			isa = PBXGroup;
			children = (
				13A7001E9309792DF86B2B7D /* .gitkeep */,
				58D51F486911CCE5BB8E562C /* LoopMode.swift */,
				98AE016E46F9CFE848220B34 /* PlaybackStatePersisting.swift */,
				81FCE253BC6FF95A3059DAFD /* PlayerStore.swift */,
			);
			path = State;
			sourceTree = "<group>";
		};
		18ECA3A706CFF7DC180D6E7C /* Views */ = {
			isa = PBXGroup;
			children = (
				CE025F87AD364699EF0C2DB8 /* RootView.swift */,
				4D76D8933032618163F09CAC /* Library */,
				3587E63260E08D07E53DFE5E /* NowPlaying */,
				FAAFDA535C55ECF6DBC918C1 /* Onboarding */,
				FEC6C7CEBD664830ED44C3C9 /* Playlists */,
				D6D1256BE9A11769E9D73A5F /* Settings */,
			);
			path = Views;
			sourceTree = "<group>";
		};
		20B3BC072FC5F15049105AF3 /* SampleAudio */ = {
			isa = PBXGroup;
			children = (
				0A4E6B1DC91A3F2ACB06E6FA /* english-pride-and-prejudice.mp3 */,
				9F279194BB61E410E1BEDF20 /* french-trois-mousquetaires.mp3 */,
				39285FE10CCDE8615A10C6EF /* spanish-don-quijote.mp3 */,
			);
			path = SampleAudio;
			sourceTree = "<group>";
		};
		2DB6AEF0718AE602E295F0F2 = {
			isa = PBXGroup;
			children = (
				A81B34FAD228A7BDF7C7A02F /* ShadowingApp */,
				73B2BD7AC229C0C6FA6C029B /* ShadowingAppTests */,
				AEAFBB84B3BA2C6F7B87E108 /* ShadowingWidget */,
				514EDE355BF8DF0F48F63AF5 /* Products */,
			);
			sourceTree = "<group>";
		};
		3587E63260E08D07E53DFE5E /* NowPlaying */ = {
			isa = PBXGroup;
			children = (
				D65016A9ADD86037B61AF3EF /* .gitkeep */,
				018ED14221BC2166ED1B0303 /* MiniPlayerBar.swift */,
				153B88C85D1487D1E18F8BA1 /* NowPlayingSheet.swift */,
				1F0DF2478B5384F2271CE452 /* ScrubberView.swift */,
			);
			path = NowPlaying;
			sourceTree = "<group>";
		};
		4D76D8933032618163F09CAC /* Library */ = {
			isa = PBXGroup;
			children = (
				3C11BB0E55305C2B41BE9DAA /* .gitkeep */,
				E604E843664305FA125A76D8 /* FolderSectionHeader.swift */,
				967FF795F0E0A7021056729A /* LibraryView.swift */,
				110C4AC608AF0209A1840688 /* TrackRow.swift */,
			);
			path = Library;
			sourceTree = "<group>";
		};
		504C8D9DB79526F4842C7BC9 /* Models */ = {
			isa = PBXGroup;
			children = (
				03C37934D1A7E1E68003FB38 /* .gitkeep */,
				E7ED21FECAE78163A0F09682 /* FolderBookmark.swift */,
				83F3480AF515DC221A582B81 /* PlaybackState.swift */,
				68C9A976CAD480D58B1F6989 /* Playlist.swift */,
				E7D734FBEA839AA47147BFE6 /* PlaylistEntry.swift */,
				ACE8479BAEAB28CB2736F7CF /* Track.swift */,
			);
			path = Models;
			sourceTree = "<group>";
		};
		504F95533E8B617439841595 /* Resources */ = {
			isa = PBXGroup;
			children = (
				F99561C5934090D01F6A6273 /* SampleAudio.json */,
				20B3BC072FC5F15049105AF3 /* SampleAudio */,
			);
			path = Resources;
			sourceTree = "<group>";
		};
		514EDE355BF8DF0F48F63AF5 /* Products */ = {
			isa = PBXGroup;
			children = (
				3A20790FBEFB1D3301080955 /* ShadowingApp.app */,
				7D53CCD5E610B27B1BBEFD88 /* ShadowingAppTests.xctest */,
				D1C2A4BB3D65678F3FA1C0F7 /* ShadowingWidget.appex */,
			);
			name = Products;
			sourceTree = "<group>";
		};
		73B2BD7AC229C0C6FA6C029B /* ShadowingAppTests */ = {
			isa = PBXGroup;
			children = (
				1D780AA52B69F6CE5E574150 /* BookmarkStoreTests.swift */,
				C191AA3FB2338D589CE43332 /* BundledLibraryTests.swift */,
				37918FF1D1721975C40385BD /* LibraryServiceTests.swift */,
				080157B13D804FD26C8431C4 /* PlayerStoreQueueTests.swift */,
				2EC03C96B91D602D1A799C9B /* PlayerStoreResumeTests.swift */,
				0ACCA3E64D4D97683D69C54A /* PlaylistEntityQueryTests.swift */,
				84719B4156617F85C08BD6A1 /* PlaylistSnapshotTests.swift */,
				5E7F499B60997B6359A6FBDD /* PlayPlaylistIntentTests.swift */,
				5D9ECACD95DC54AEADA2E3F9 /* PreferencesStoreTests.swift */,
				FE2D12580DFA520D5E82BF3D /* ShadowingAppTests.swift */,
				AA417C390BED0F79E4C6A25D /* TrackTests.swift */,
				64326E1883F9B602EC07F7C2 /* WidgetHandoffTests.swift */,
				86FD3B2CCD78A2DB1D1E44AB /* Fakes */,
			);
			path = ShadowingAppTests;
			sourceTree = "<group>";
		};
		86FD3B2CCD78A2DB1D1E44AB /* Fakes */ = {
			isa = PBXGroup;
			children = (
				EE9D8FC0BDBE1A6A6F7C0CAD /* FakePlayerEngine.swift */,
			);
			path = Fakes;
			sourceTree = "<group>";
		};
		A81B34FAD228A7BDF7C7A02F /* ShadowingApp */ = {
			isa = PBXGroup;
			children = (
				2F7D6E60891A5E434642DF56 /* Assets.xcassets */,
				238F994839829652238D3AF0 /* Info.plist */,
				C5B1B7B9FB7517DC78D09CF4 /* PrivacyInfo.xcprivacy */,
				AFA3F40C6C561B344CE3EEB7 /* ShadowingApp.entitlements */,
				013F569B6AEB8D4748F451B2 /* ShadowingAppApp.swift */,
				D0E8A72AFB662CA37539990F /* Audio */,
				E89EE42938359CF5420411D5 /* Intents */,
				504C8D9DB79526F4842C7BC9 /* Models */,
				504F95533E8B617439841595 /* Resources */,
				CEF2EA1D8664B147B73452AB /* Services */,
				186DA85F1BB9598F9DC1EB6D /* State */,
				18ECA3A706CFF7DC180D6E7C /* Views */,
			);
			path = ShadowingApp;
			sourceTree = "<group>";
		};
		AEAFBB84B3BA2C6F7B87E108 /* ShadowingWidget */ = {
			isa = PBXGroup;
			children = (
				D0B98A2CAB1B064CD1C9DA90 /* FavoritePlaylistTimelineProvider.swift */,
				197C508F6B33CE30C57780D8 /* FavoritePlaylistWidget.swift */,
				B2561B5B9DC9F8F8E4315ADC /* FavoritePlaylistWidgetView.swift */,
				6FDBFA4F1312B312FEAF3FBB /* Info.plist */,
				6916C5FF8C7531E3092FA91D /* PlaylistsTimelineProvider.swift */,
				C38089911FBFF5B2765E86D0 /* PlaylistsWidget.swift */,
				DB6ABF647B84E7A0FC154B05 /* PlaylistsWidgetView.swift */,
				BBC1BFF427E272CA782955EE /* PrivacyInfo.xcprivacy */,
				3D73D6B1C74113EC86DE73C4 /* ShadowingWidget.entitlements */,
				66A674582863E61CD3A70804 /* ShadowingWidgetBundle.swift */,
			);
			path = ShadowingWidget;
			sourceTree = "<group>";
		};
		CEF2EA1D8664B147B73452AB /* Services */ = {
			isa = PBXGroup;
			children = (
				0702EB5784B795D2FFAE3612 /* .gitkeep */,
				EEEAC6A60E548AAA41D35074 /* AppGroup.swift */,
				93E2B6AF5875A105BE0B2DAD /* AppGroupContainer.swift */,
				DE91025AF02EDBDCC6C71A74 /* BookmarkStore.swift */,
				76E375557CC7AE2D75F8A318 /* BundledLibrary.swift */,
				F856562249660E048B874511 /* LibraryService.swift */,
				71B6F0BBEE36BD015CDACDF4 /* LibrarySnapshot.swift */,
				BB37FAF39933A057F7F086F4 /* PlaylistSnapshot.swift */,
				51BB497604499D5A3AD71BC5 /* PlaylistSnapshotPublisher.swift */,
				F9D5869D82869E4D8B25DFB5 /* PreferencesStore.swift */,
				9DE8F2D89415DD7C6912A4BE /* SwiftDataPlaybackPersistence.swift */,
				6847D8424F009FD7E5B50511 /* WidgetHandoff.swift */,
			);
			path = Services;
			sourceTree = "<group>";
		};
		D0E8A72AFB662CA37539990F /* Audio */ = {
			isa = PBXGroup;
			children = (
				E385B73864146DF6E34D59BB /* .gitkeep */,
				EC612E7D9FE039A0D838DC9C /* AudioSessionCoordinator.swift */,
				53160099814CBCF9EB672F3F /* AVPlayerEngine.swift */,
				017FE554AC517F28DE289FD1 /* NowPlayingCenter.swift */,
				36D7E7AA5FF64F8F0D905E34 /* PlayerEngine.swift */,
			);
			path = Audio;
			sourceTree = "<group>";
		};
		D6D1256BE9A11769E9D73A5F /* Settings */ = {
			isa = PBXGroup;
			children = (
				BA6B37778E81944A3E994865 /* .gitkeep */,
				0C7D6A28B8939A88ED13E99D /* DocumentPicker.swift */,
				314444F48B3DB6A2B79E2336 /* FoldersSettingsView.swift */,
			);
			path = Settings;
			sourceTree = "<group>";
		};
		E89EE42938359CF5420411D5 /* Intents */ = {
			isa = PBXGroup;
			children = (
				8ED60FE76CBE1CFB29A6A6DA /* PlaylistEntity.swift */,
				C7772B0046E1E593026A5CB4 /* PlayPlaylistIntent.swift */,
				4C48A1A4C6F0E44491D9C8A9 /* SelectPlaylistIntent.swift */,
			);
			path = Intents;
			sourceTree = "<group>";
		};
		FAAFDA535C55ECF6DBC918C1 /* Onboarding */ = {
			isa = PBXGroup;
			children = (
				8F5343FD6080D8653B060FA1 /* OnboardingSheet.swift */,
			);
			path = Onboarding;
			sourceTree = "<group>";
		};
		FEC6C7CEBD664830ED44C3C9 /* Playlists */ = {
			isa = PBXGroup;
			children = (
				70BDA7A13418672E88477EF7 /* .gitkeep */,
				CBC13AAECB5AA1ED4DA673B7 /* AddToPlaylistSheet.swift */,
				EC527BD551A5EC737C4C6E3E /* NewPlaylistSheet.swift */,
				E6853A3C1AA6BCFC7D937082 /* PlaylistDetailView.swift */,
				6C02BAC2EAF51097A664D808 /* PlaylistsView.swift */,
			);
			path = Playlists;
			sourceTree = "<group>";
		};
/* End PBXGroup section */

/* Begin PBXNativeTarget section */
		491A2F8348FE8DB7DDE189DC /* ShadowingApp */ = {
			isa = PBXNativeTarget;
			buildConfigurationList = 8EFCD3F6FC69D500EE5CE429 /* Build configuration list for PBXNativeTarget "ShadowingApp" */;
			buildPhases = (
				C2E5C209ECB03F77E4F21347 /* Sources */,
				E52664094F0C5B8A556D1671 /* Resources */,
				EEBBF3B6201331E8D4BF7E24 /* Embed Foundation Extensions */,
			);
			buildRules = (
			);
			dependencies = (
				6C1581737135FB592DB8678D /* PBXTargetDependency */,
			);
			name = ShadowingApp;
			packageProductDependencies = (
			);
			productName = ShadowingApp;
			productReference = 3A20790FBEFB1D3301080955 /* ShadowingApp.app */;
			productType = "com.apple.product-type.application";
		};
		961D75649FA5D549D28BDF02 /* ShadowingAppTests */ = {
			isa = PBXNativeTarget;
			buildConfigurationList = DBF7D6ADA308B67E11CCEEB7 /* Build configuration list for PBXNativeTarget "ShadowingAppTests" */;
			buildPhases = (
				7034ADB7B3C7FF90D7FA9F53 /* Sources */,
			);
			buildRules = (
			);
			dependencies = (
				3F8ABFCE4A12D5D12CBDD1E4 /* PBXTargetDependency */,
			);
			name = ShadowingAppTests;
			packageProductDependencies = (
			);
			productName = ShadowingAppTests;
			productReference = 7D53CCD5E610B27B1BBEFD88 /* ShadowingAppTests.xctest */;
			productType = "com.apple.product-type.bundle.unit-test";
		};
		CA1C3CFCF2B3E27830DDDBC9 /* ShadowingWidget */ = {
			isa = PBXNativeTarget;
			buildConfigurationList = 7BB917D9F7EB11A1FF418A01 /* Build configuration list for PBXNativeTarget "ShadowingWidget" */;
			buildPhases = (
				5E6F5E5479AB19C974CBDD3F /* Sources */,
				0099EAC2CABDFF7DAF687A80 /* Resources */,
			);
			buildRules = (
			);
			dependencies = (
			);
			name = ShadowingWidget;
			packageProductDependencies = (
			);
			productName = ShadowingWidget;
			productReference = D1C2A4BB3D65678F3FA1C0F7 /* ShadowingWidget.appex */;
			productType = "com.apple.product-type.app-extension";
		};
/* End PBXNativeTarget section */

/* Begin PBXProject section */
		A20C60FF98B918FB06F127C6 /* Project object */ = {
			isa = PBXProject;
			attributes = {
				BuildIndependentTargetsInParallel = YES;
				LastUpgradeCheck = 1430;
				TargetAttributes = {
					491A2F8348FE8DB7DDE189DC = {
						ProvisioningStyle = Automatic;
					};
				};
			};
			buildConfigurationList = E486B8FE1194748951D29955 /* Build configuration list for PBXProject "ShadowingApp" */;
			developmentRegion = en;
			hasScannedForEncodings = 0;
			knownRegions = (
				Base,
				en,
			);
			mainGroup = 2DB6AEF0718AE602E295F0F2;
			minimizedProjectReferenceProxies = 1;
			preferredProjectObjectVersion = 77;
			productRefGroup = 514EDE355BF8DF0F48F63AF5 /* Products */;
			projectDirPath = "";
			projectRoot = "";
			targets = (
				491A2F8348FE8DB7DDE189DC /* ShadowingApp */,
				961D75649FA5D549D28BDF02 /* ShadowingAppTests */,
				CA1C3CFCF2B3E27830DDDBC9 /* ShadowingWidget */,
			);
		};
/* End PBXProject section */

/* Begin PBXResourcesBuildPhase section */
		0099EAC2CABDFF7DAF687A80 /* Resources */ = {
			isa = PBXResourcesBuildPhase;
			buildActionMask = 2147483647;
			files = (
				9BCBCC0B43718F0AC401A110 /* PrivacyInfo.xcprivacy in Resources */,
			);
			runOnlyForDeploymentPostprocessing = 0;
		};
		E52664094F0C5B8A556D1671 /* Resources */ = {
			isa = PBXResourcesBuildPhase;
			buildActionMask = 2147483647;
			files = (
				3EC8EE9CBFC8F5C5346D035A /* Assets.xcassets in Resources */,
				9F73E3BB1D5D8774601D33DF /* PrivacyInfo.xcprivacy in Resources */,
				8E0D5A923A870BC16CB448E8 /* SampleAudio.json in Resources */,
				B2251EFD29179057AD97CBEA /* english-pride-and-prejudice.mp3 in Resources */,
				897342EC639E0AB81943C87B /* french-trois-mousquetaires.mp3 in Resources */,
				B15667C83DCA7B06A65A7249 /* spanish-don-quijote.mp3 in Resources */,
			);
			runOnlyForDeploymentPostprocessing = 0;
		};
/* End PBXResourcesBuildPhase section */

/* Begin PBXSourcesBuildPhase section */
		5E6F5E5479AB19C974CBDD3F /* Sources */ = {
			isa = PBXSourcesBuildPhase;
			buildActionMask = 2147483647;
			files = (
				0D767873BDA39BDD692DB4AC /* AppGroup.swift in Sources */,
				3E5C90593658843A237D826E /* FavoritePlaylistTimelineProvider.swift in Sources */,
				98D4CD97E18F7C4FB7F14F76 /* FavoritePlaylistWidget.swift in Sources */,
				8E87F06CE06F82A12EA9AC3B /* FavoritePlaylistWidgetView.swift in Sources */,
				95DD1231C6E7295FF1132406 /* PlayPlaylistIntent.swift in Sources */,
				BA6C1D84E9C5B532EC7CF89D /* PlaylistEntity.swift in Sources */,
				9C15136B308759AC2319D1BA /* PlaylistSnapshot.swift in Sources */,
				5599935D5B7FFE043F44BC5E /* PlaylistsTimelineProvider.swift in Sources */,
				367BAFFDDC9CF1501ACFC95D /* PlaylistsWidget.swift in Sources */,
				5E34CDE8982C2EB81C065740 /* PlaylistsWidgetView.swift in Sources */,
				B1FB3AD2DCA66618E305B8E2 /* SelectPlaylistIntent.swift in Sources */,
				F0DFFDF572CE9939B5B6C240 /* ShadowingWidgetBundle.swift in Sources */,
			);
			runOnlyForDeploymentPostprocessing = 0;
		};
		7034ADB7B3C7FF90D7FA9F53 /* Sources */ = {
			isa = PBXSourcesBuildPhase;
			buildActionMask = 2147483647;
			files = (
				6E5D703082E9606F4EB300C6 /* BookmarkStoreTests.swift in Sources */,
				8BD089E257107D351F71DE9E /* BundledLibraryTests.swift in Sources */,
				CC12433F5BA80100E11498D5 /* FakePlayerEngine.swift in Sources */,
				42D04352FE4266D34B465B27 /* LibraryServiceTests.swift in Sources */,
				23AE6AB29C55BB18D4A52715 /* PlayPlaylistIntentTests.swift in Sources */,
				EBCA2A9F461A626F8FFAFE2E /* PlayerStoreQueueTests.swift in Sources */,
				E14895C86E3F3BB0A545D111 /* PlayerStoreResumeTests.swift in Sources */,
				23A1D77B9E7C60C9EA3DBFF9 /* PlaylistEntityQueryTests.swift in Sources */,
				9CCBE92FE9836D09E2DCB779 /* PlaylistSnapshotTests.swift in Sources */,
				05629FCD80CA9F4DF7929882 /* PreferencesStoreTests.swift in Sources */,
				3BC3F7B459D4B85329DFB936 /* ShadowingAppTests.swift in Sources */,
				D88B89B87DCC02624D6F5F58 /* TrackTests.swift in Sources */,
				41F07753EDDECA7114EF734B /* WidgetHandoffTests.swift in Sources */,
			);
			runOnlyForDeploymentPostprocessing = 0;
		};
		C2E5C209ECB03F77E4F21347 /* Sources */ = {
			isa = PBXSourcesBuildPhase;
			buildActionMask = 2147483647;
			files = (
				C44C2FE11D14C3003148EFFD /* AVPlayerEngine.swift in Sources */,
				32A1B945EDFF359ED4CDD423 /* AddToPlaylistSheet.swift in Sources */,
				6DD139C83DFC10DD3484FD9D /* AppGroup.swift in Sources */,
				1AF66842DDDB7CBA4C7C2430 /* AppGroupContainer.swift in Sources */,
				46F66C9A10907ECFDD7DE88A /* AudioSessionCoordinator.swift in Sources */,
				7C63142AE4DEE17B398A1169 /* BookmarkStore.swift in Sources */,
				62D97F521629363237FB1261 /* BundledLibrary.swift in Sources */,
				84D10E0DDF0B77D6D7F70954 /* DocumentPicker.swift in Sources */,
				3865ACEA44A0EC9AD2FF3064 /* FolderBookmark.swift in Sources */,
				39F7B49FC89DE037857E117C /* FolderSectionHeader.swift in Sources */,
				E4995E331261446AD92E6936 /* FoldersSettingsView.swift in Sources */,
				DAC1CDE9D9203CF903A23D28 /* LibraryService.swift in Sources */,
				CCC10E4BF727131DC6B7A2BB /* LibrarySnapshot.swift in Sources */,
				AFC3996E39791FD29E07BCC1 /* LibraryView.swift in Sources */,
				92D0C7955C06FE475F982464 /* LoopMode.swift in Sources */,
				87ED6EEAE3E02BE0635F60FC /* MiniPlayerBar.swift in Sources */,
				543CE4B4BE6B6828CD551FE5 /* NewPlaylistSheet.swift in Sources */,
				7A6E92DD087116068E90B0FD /* NowPlayingCenter.swift in Sources */,
				0CB89FF545D405A40522D1EA /* NowPlayingSheet.swift in Sources */,
				533F4CE3905123DFADED5333 /* OnboardingSheet.swift in Sources */,
				537913CAB4DEFFDFD479A486 /* PlayPlaylistIntent.swift in Sources */,
				1AC453D9BB47AB74F9322A96 /* PlaybackState.swift in Sources */,
				2C792C5F3FADC098417BEBB3 /* PlaybackStatePersisting.swift in Sources */,
				45DE2761EE2F42102F564262 /* PlayerEngine.swift in Sources */,
				9BBCBA85CCDEF34408953CAA /* PlayerStore.swift in Sources */,
				77DD8618EE43B9492271FA03 /* Playlist.swift in Sources */,
				3CFA5B10EBFA7D9CD4F2E05C /* PlaylistDetailView.swift in Sources */,
				E75A634BB28275D5A818B287 /* PlaylistEntity.swift in Sources */,
				8B2B82D6ACB167EAD4EF4447 /* PlaylistEntry.swift in Sources */,
				A25F6137FD109141466D8DFB /* PlaylistSnapshot.swift in Sources */,
				07174DAA808549443FE48B97 /* PlaylistSnapshotPublisher.swift in Sources */,
				074A4A42B4C77B1B290C4A0A /* PlaylistsView.swift in Sources */,
				9CC33FEA7E8AE1A530D8A339 /* PreferencesStore.swift in Sources */,
				72F013FA221E81C8676AD6D3 /* RootView.swift in Sources */,
				1E2EEE2A5B992A176D72B99A /* ScrubberView.swift in Sources */,
				5FBA41E194DDD66E5EE2878C /* SelectPlaylistIntent.swift in Sources */,
				2BEC197CC38C6ABA8166A72E /* ShadowingAppApp.swift in Sources */,
				CFBEEB97AA8015CBFD2E3757 /* SwiftDataPlaybackPersistence.swift in Sources */,
				D238E546F64BF42F9D8E2A65 /* Track.swift in Sources */,
				8804E34B200EE70F638C60C0 /* TrackRow.swift in Sources */,
				64C3BD22EE54BF22A5C443C1 /* WidgetHandoff.swift in Sources */,
			);
			runOnlyForDeploymentPostprocessing = 0;
		};
/* End PBXSourcesBuildPhase section */

/* Begin PBXTargetDependency section */
		3F8ABFCE4A12D5D12CBDD1E4 /* PBXTargetDependency */ = {
			isa = PBXTargetDependency;
			target = 491A2F8348FE8DB7DDE189DC /* ShadowingApp */;
			targetProxy = C7C4ABF1B0867ED4E0B5D7D9 /* PBXContainerItemProxy */;
		};
		6C1581737135FB592DB8678D /* PBXTargetDependency */ = {
			isa = PBXTargetDependency;
			target = CA1C3CFCF2B3E27830DDDBC9 /* ShadowingWidget */;
			targetProxy = 5DCD35BD79670E8F3BADD8CF /* PBXContainerItemProxy */;
		};
/* End PBXTargetDependency section */

/* Begin XCBuildConfiguration section */
		04517F3A8D7A3D7695011B54 /* Release */ = {
			isa = XCBuildConfiguration;
			buildSettings = {
				CODE_SIGN_ENTITLEMENTS = ShadowingWidget/ShadowingWidget.entitlements;
				CURRENT_PROJECT_VERSION = 1;
				GENERATE_INFOPLIST_FILE = NO;
				INFOPLIST_FILE = ShadowingWidget/Info.plist;
				IPHONEOS_DEPLOYMENT_TARGET = 17.0;
				LD_RUNPATH_SEARCH_PATHS = (
					"$(inherited)",
					"@executable_path/Frameworks",
					"@executable_path/../../Frameworks",
				);
				MARKETING_VERSION = 1.0.0;
				PRODUCT_BUNDLE_IDENTIFIER = com.yudataguy.ShadowingApp.Widget;
				SDKROOT = iphoneos;
				SKIP_INSTALL = NO;
				TARGETED_DEVICE_FAMILY = 1;
			};
			name = Release;
		};
		2EA504A038A69F5435E55B0A /* Release */ = {
			isa = XCBuildConfiguration;
			buildSettings = {
				ALWAYS_SEARCH_USER_PATHS = NO;
				CLANG_ANALYZER_NONNULL = YES;
				CLANG_ANALYZER_NUMBER_OBJECT_CONVERSION = YES_AGGRESSIVE;
				CLANG_CXX_LANGUAGE_STANDARD = "gnu++14";
				CLANG_CXX_LIBRARY = "libc++";
				CLANG_ENABLE_MODULES = YES;
				CLANG_ENABLE_OBJC_ARC = YES;
				CLANG_ENABLE_OBJC_WEAK = YES;
				CLANG_WARN_BLOCK_CAPTURE_AUTORELEASING = YES;
				CLANG_WARN_BOOL_CONVERSION = YES;
				CLANG_WARN_COMMA = YES;
				CLANG_WARN_CONSTANT_CONVERSION = YES;
				CLANG_WARN_DEPRECATED_OBJC_IMPLEMENTATIONS = YES;
				CLANG_WARN_DIRECT_OBJC_ISA_USAGE = YES_ERROR;
				CLANG_WARN_DOCUMENTATION_COMMENTS = YES;
				CLANG_WARN_EMPTY_BODY = YES;
				CLANG_WARN_ENUM_CONVERSION = YES;
				CLANG_WARN_INFINITE_RECURSION = YES;
				CLANG_WARN_INT_CONVERSION = YES;
				CLANG_WARN_NON_LITERAL_NULL_CONVERSION = YES;
				CLANG_WARN_OBJC_IMPLICIT_RETAIN_SELF = YES;
				CLANG_WARN_OBJC_LITERAL_CONVERSION = YES;
				CLANG_WARN_OBJC_ROOT_CLASS = YES_ERROR;
				CLANG_WARN_QUOTED_INCLUDE_IN_FRAMEWORK_HEADER = YES;
				CLANG_WARN_RANGE_LOOP_ANALYSIS = YES;
				CLANG_WARN_STRICT_PROTOTYPES = YES;
				CLANG_WARN_SUSPICIOUS_MOVE = YES;
				CLANG_WARN_UNGUARDED_AVAILABILITY = YES_AGGRESSIVE;
				CLANG_WARN_UNREACHABLE_CODE = YES;
				CLANG_WARN__DUPLICATE_METHOD_MATCH = YES;
				COPY_PHASE_STRIP = NO;
				DEBUG_INFORMATION_FORMAT = "dwarf-with-dsym";
				ENABLE_NS_ASSERTIONS = NO;
				ENABLE_STRICT_OBJC_MSGSEND = YES;
				GCC_C_LANGUAGE_STANDARD = gnu11;
				GCC_NO_COMMON_BLOCKS = YES;
				GCC_WARN_64_TO_32_BIT_CONVERSION = YES;
				GCC_WARN_ABOUT_RETURN_TYPE = YES_ERROR;
				GCC_WARN_UNDECLARED_SELECTOR = YES;
				GCC_WARN_UNINITIALIZED_AUTOS = YES_AGGRESSIVE;
				GCC_WARN_UNUSED_FUNCTION = YES;
				GCC_WARN_UNUSED_VARIABLE = YES;
				IPHONEOS_DEPLOYMENT_TARGET = 17.0;
				MTL_ENABLE_DEBUG_INFO = NO;
				MTL_FAST_MATH = YES;
				PRODUCT_NAME = "$(TARGET_NAME)";
				SDKROOT = iphoneos;
				SWIFT_COMPILATION_MODE = wholemodule;
				SWIFT_OPTIMIZATION_LEVEL = "-O";
				SWIFT_VERSION = 5.0;
			};
			name = Release;
		};
		3C4E9EF89B2A122C18A3D867 /* Debug */ = {
			isa = XCBuildConfiguration;
			buildSettings = {
				CODE_SIGN_ENTITLEMENTS = ShadowingWidget/ShadowingWidget.entitlements;
				CURRENT_PROJECT_VERSION = 1;
				GENERATE_INFOPLIST_FILE = NO;
				INFOPLIST_FILE = ShadowingWidget/Info.plist;
				IPHONEOS_DEPLOYMENT_TARGET = 17.0;
				LD_RUNPATH_SEARCH_PATHS = (
					"$(inherited)",
					"@executable_path/Frameworks",
					"@executable_path/../../Frameworks",
				);
				MARKETING_VERSION = 1.0.0;
				PRODUCT_BUNDLE_IDENTIFIER = com.yudataguy.ShadowingApp.Widget;
				SDKROOT = iphoneos;
				SKIP_INSTALL = NO;
				TARGETED_DEVICE_FAMILY = 1;
			};
			name = Debug;
		};
		70A37D88727D4ECE9051FDD4 /* Release */ = {
			isa = XCBuildConfiguration;
			buildSettings = {
				ASSETCATALOG_COMPILER_APPICON_NAME = AppIcon;
				CODE_SIGN_ENTITLEMENTS = ShadowingApp/ShadowingApp.entitlements;
				CODE_SIGN_IDENTITY = "iPhone Developer";
				CODE_SIGN_STYLE = Automatic;
				CURRENT_PROJECT_VERSION = 1;
				GENERATE_INFOPLIST_FILE = NO;
				INFOPLIST_FILE = ShadowingApp/Info.plist;
				IPHONEOS_DEPLOYMENT_TARGET = 17.0;
				LD_RUNPATH_SEARCH_PATHS = (
					"$(inherited)",
					"@executable_path/Frameworks",
				);
				MARKETING_VERSION = 1.0.0;
				PRODUCT_BUNDLE_IDENTIFIER = com.yudataguy.ShadowingApp;
				SDKROOT = iphoneos;
				SUPPORTS_MACCATALYST = NO;
				TARGETED_DEVICE_FAMILY = 1;
			};
			name = Release;
		};
		71C744033158B6A8C24F22A6 /* Debug */ = {
			isa = XCBuildConfiguration;
			buildSettings = {
				ALWAYS_SEARCH_USER_PATHS = NO;
				CLANG_ANALYZER_NONNULL = YES;
				CLANG_ANALYZER_NUMBER_OBJECT_CONVERSION = YES_AGGRESSIVE;
				CLANG_CXX_LANGUAGE_STANDARD = "gnu++14";
				CLANG_CXX_LIBRARY = "libc++";
				CLANG_ENABLE_MODULES = YES;
				CLANG_ENABLE_OBJC_ARC = YES;
				CLANG_ENABLE_OBJC_WEAK = YES;
				CLANG_WARN_BLOCK_CAPTURE_AUTORELEASING = YES;
				CLANG_WARN_BOOL_CONVERSION = YES;
				CLANG_WARN_COMMA = YES;
				CLANG_WARN_CONSTANT_CONVERSION = YES;
				CLANG_WARN_DEPRECATED_OBJC_IMPLEMENTATIONS = YES;
				CLANG_WARN_DIRECT_OBJC_ISA_USAGE = YES_ERROR;
				CLANG_WARN_DOCUMENTATION_COMMENTS = YES;
				CLANG_WARN_EMPTY_BODY = YES;
				CLANG_WARN_ENUM_CONVERSION = YES;
				CLANG_WARN_INFINITE_RECURSION = YES;
				CLANG_WARN_INT_CONVERSION = YES;
				CLANG_WARN_NON_LITERAL_NULL_CONVERSION = YES;
				CLANG_WARN_OBJC_IMPLICIT_RETAIN_SELF = YES;
				CLANG_WARN_OBJC_LITERAL_CONVERSION = YES;
				CLANG_WARN_OBJC_ROOT_CLASS = YES_ERROR;
				CLANG_WARN_QUOTED_INCLUDE_IN_FRAMEWORK_HEADER = YES;
				CLANG_WARN_RANGE_LOOP_ANALYSIS = YES;
				CLANG_WARN_STRICT_PROTOTYPES = YES;
				CLANG_WARN_SUSPICIOUS_MOVE = YES;
				CLANG_WARN_UNGUARDED_AVAILABILITY = YES_AGGRESSIVE;
				CLANG_WARN_UNREACHABLE_CODE = YES;
				CLANG_WARN__DUPLICATE_METHOD_MATCH = YES;
				COPY_PHASE_STRIP = NO;
				DEBUG_INFORMATION_FORMAT = dwarf;
				ENABLE_STRICT_OBJC_MSGSEND = YES;
				ENABLE_TESTABILITY = YES;
				GCC_C_LANGUAGE_STANDARD = gnu11;
				GCC_DYNAMIC_NO_PIC = NO;
				GCC_NO_COMMON_BLOCKS = YES;
				GCC_OPTIMIZATION_LEVEL = 0;
				GCC_PREPROCESSOR_DEFINITIONS = (
					"$(inherited)",
					"DEBUG=1",
				);
				GCC_WARN_64_TO_32_BIT_CONVERSION = YES;
				GCC_WARN_ABOUT_RETURN_TYPE = YES_ERROR;
				GCC_WARN_UNDECLARED_SELECTOR = YES;
				GCC_WARN_UNINITIALIZED_AUTOS = YES_AGGRESSIVE;
				GCC_WARN_UNUSED_FUNCTION = YES;
				GCC_WARN_UNUSED_VARIABLE = YES;
				IPHONEOS_DEPLOYMENT_TARGET = 17.0;
				MTL_ENABLE_DEBUG_INFO = INCLUDE_SOURCE;
				MTL_FAST_MATH = YES;
				ONLY_ACTIVE_ARCH = YES;
				PRODUCT_NAME = "$(TARGET_NAME)";
				SDKROOT = iphoneos;
				SWIFT_ACTIVE_COMPILATION_CONDITIONS = DEBUG;
				SWIFT_OPTIMIZATION_LEVEL = "-Onone";
				SWIFT_VERSION = 5.0;
			};
			name = Debug;
		};
		966C0D72ADC81D0FFB5EF234 /* Debug */ = {
			isa = XCBuildConfiguration;
			buildSettings = {
				ASSETCATALOG_COMPILER_APPICON_NAME = AppIcon;
				CODE_SIGN_ENTITLEMENTS = ShadowingApp/ShadowingApp.entitlements;
				CODE_SIGN_IDENTITY = "iPhone Developer";
				CODE_SIGN_STYLE = Automatic;
				CURRENT_PROJECT_VERSION = 1;
				GENERATE_INFOPLIST_FILE = NO;
				INFOPLIST_FILE = ShadowingApp/Info.plist;
				IPHONEOS_DEPLOYMENT_TARGET = 17.0;
				LD_RUNPATH_SEARCH_PATHS = (
					"$(inherited)",
					"@executable_path/Frameworks",
				);
				MARKETING_VERSION = 1.0.0;
				PRODUCT_BUNDLE_IDENTIFIER = com.yudataguy.ShadowingApp;
				SDKROOT = iphoneos;
				SUPPORTS_MACCATALYST = NO;
				TARGETED_DEVICE_FAMILY = 1;
			};
			name = Debug;
		};
		BB4AB30E0822BB8E1D2C89A1 /* Release */ = {
			isa = XCBuildConfiguration;
			buildSettings = {
				BUNDLE_LOADER = "$(TEST_HOST)";
				GENERATE_INFOPLIST_FILE = YES;
				IPHONEOS_DEPLOYMENT_TARGET = 17.0;
				LD_RUNPATH_SEARCH_PATHS = (
					"$(inherited)",
					"@executable_path/Frameworks",
					"@loader_path/Frameworks",
				);
				PRODUCT_BUNDLE_IDENTIFIER = com.yudataguy.ShadowingAppTests;
				SDKROOT = iphoneos;
				TARGETED_DEVICE_FAMILY = "1,2";
				TEST_HOST = "$(BUILT_PRODUCTS_DIR)/ShadowingApp.app/$(BUNDLE_EXECUTABLE_FOLDER_PATH)/ShadowingApp";
			};
			name = Release;
		};
		C736AC22D47F76F60FA996F9 /* Debug */ = {
			isa = XCBuildConfiguration;
			buildSettings = {
				BUNDLE_LOADER = "$(TEST_HOST)";
				GENERATE_INFOPLIST_FILE = YES;
				IPHONEOS_DEPLOYMENT_TARGET = 17.0;
				LD_RUNPATH_SEARCH_PATHS = (
					"$(inherited)",
					"@executable_path/Frameworks",
					"@loader_path/Frameworks",
				);
				PRODUCT_BUNDLE_IDENTIFIER = com.yudataguy.ShadowingAppTests;
				SDKROOT = iphoneos;
				TARGETED_DEVICE_FAMILY = "1,2";
				TEST_HOST = "$(BUILT_PRODUCTS_DIR)/ShadowingApp.app/$(BUNDLE_EXECUTABLE_FOLDER_PATH)/ShadowingApp";
			};
			name = Debug;
		};
/* End XCBuildConfiguration section */

/* Begin XCConfigurationList section */
		7BB917D9F7EB11A1FF418A01 /* Build configuration list for PBXNativeTarget "ShadowingWidget" */ = {
			isa = XCConfigurationList;
			buildConfigurations = (
				3C4E9EF89B2A122C18A3D867 /* Debug */,
				04517F3A8D7A3D7695011B54 /* Release */,
			);
			defaultConfigurationIsVisible = 0;
			defaultConfigurationName = Debug;
		};
		8EFCD3F6FC69D500EE5CE429 /* Build configuration list for PBXNativeTarget "ShadowingApp" */ = {
			isa = XCConfigurationList;
			buildConfigurations = (
				966C0D72ADC81D0FFB5EF234 /* Debug */,
				70A37D88727D4ECE9051FDD4 /* Release */,
			);
			defaultConfigurationIsVisible = 0;
			defaultConfigurationName = Debug;
		};
		DBF7D6ADA308B67E11CCEEB7 /* Build configuration list for PBXNativeTarget "ShadowingAppTests" */ = {
			isa = XCConfigurationList;
			buildConfigurations = (
				C736AC22D47F76F60FA996F9 /* Debug */,
				BB4AB30E0822BB8E1D2C89A1 /* Release */,
			);
			defaultConfigurationIsVisible = 0;
			defaultConfigurationName = Debug;
		};
		E486B8FE1194748951D29955 /* Build configuration list for PBXProject "ShadowingApp" */ = {
			isa = XCConfigurationList;
			buildConfigurations = (
				71C744033158B6A8C24F22A6 /* Debug */,
				2EA504A038A69F5435E55B0A /* Release */,
			);
			defaultConfigurationIsVisible = 0;
			defaultConfigurationName = Debug;
		};
/* End XCConfigurationList section */
	};
	rootObject = A20C60FF98B918FB06F127C6 /* Project object */;
}
